
Microsoft Visual Studio Solution File, Format Version 11.00
# Visual Studio 2010
Project("{FAE04EC0-301F-11D3-BF4B-00C04F79EFBC}") = "Plugin_AutoShareRecord", "Plugin_AutoShareRecord_1.0.0.0.csproj", "{BF90D0DC-197B-402B-8FF0-336A5BDA6AF0}"
EndProject
Global
	GlobalSection(SolutionConfigurationPlatforms) = preSolution
		Debug|Any CPU = Debug|Any CPU
		Release|Any CPU = Release|Any CPU
	EndGlobalSection
	GlobalSection(ProjectConfigurationPlatforms) = postSolution
		{BF90D0DC-197B-402B-8FF0-336A5BDA6AF0}.Debug|Any CPU.ActiveCfg = Debug|Any CPU
		{BF90D0DC-197B-402B-8FF0-336A5BDA6AF0}.Debug|Any CPU.Build.0 = Debug|Any CPU
		{BF90D0DC-197B-402B-8FF0-336A5BDA6AF0}.Release|Any CPU.ActiveCfg = Release|Any CPU
		{BF90D0DC-197B-402B-8FF0-336A5BDA6AF0}.Release|Any CPU.Build.0 = Release|Any CPU
	EndGlobalSection
	GlobalSection(SolutionProperties) = preSolution
		HideSolutionNode = FALSE
	EndGlobalSection
EndGlobal
