
Microsoft Visual Studio Solution File, Format Version 12.00
# Visual Studio Version 17
VisualStudioVersion = 17.14.36717.8 d17.14
MinimumVisualStudioVersion = 10.0.40219.1
Project("{FAE04EC0-301F-11D3-BF4B-00C04F79EFBC}") = "Plugin_HandoverNotice_CreateQRcode", "Plugin_HandoverNotice_CreateQRcode\Plugin_HandoverNotice_CreateQRcode.csproj", "{2FC18CB1-60A5-49B9-99E4-C9CC5D401DC7}"
EndProject
Global
	GlobalSection(SolutionConfigurationPlatforms) = preSolution
		Debug|Any CPU = Debug|Any CPU
		Release|Any CPU = Release|Any CPU
	EndGlobalSection
	GlobalSection(ProjectConfigurationPlatforms) = postSolution
		{2FC18CB1-60A5-49B9-99E4-C9CC5D401DC7}.Debug|Any CPU.ActiveCfg = Debug|Any CPU
		{2FC18CB1-60A5-49B9-99E4-C9CC5D401DC7}.Debug|Any CPU.Build.0 = Debug|Any CPU
		{2FC18CB1-60A5-49B9-99E4-C9CC5D401DC7}.Release|Any CPU.ActiveCfg = Release|Any CPU
		{2FC18CB1-60A5-49B9-99E4-C9CC5D401DC7}.Release|Any CPU.Build.0 = Release|Any CPU
	EndGlobalSection
	GlobalSection(SolutionProperties) = preSolution
		HideSolutionNode = FALSE
	EndGlobalSection
	GlobalSection(ExtensibilityGlobals) = postSolution
		SolutionGuid = {0E0F0CEC-B146-4206-BF46-F91F8E54E33D}
	EndGlobalSection
EndGlobal
