
Microsoft Visual Studio Solution File, Format Version 12.00
# Visual Studio Version 16
VisualStudioVersion = 16.0.33214.272
MinimumVisualStudioVersion = 10.0.40219.1
Project("{FAE04EC0-301F-11D3-BF4B-00C04F79EFBC}") = "Plugin_PaymentScheme_CheckInstallment", "Plugin_PaymentScheme_CheckInstallment\Plugin_PaymentScheme_CheckInstallment.csproj", "{697D6BCE-4EC6-40F5-BAEB-F99D6CFA2E8E}"
EndProject
Global
	GlobalSection(SolutionConfigurationPlatforms) = preSolution
		Debug|Any CPU = Debug|Any CPU
		Release|Any CPU = Release|Any CPU
	EndGlobalSection
	GlobalSection(ProjectConfigurationPlatforms) = postSolution
		{697D6BCE-4EC6-40F5-BAEB-F99D6CFA2E8E}.Debug|Any CPU.ActiveCfg = Debug|Any CPU
		{697D6BCE-4EC6-40F5-BAEB-F99D6CFA2E8E}.Debug|Any CPU.Build.0 = Debug|Any CPU
		{697D6BCE-4EC6-40F5-BAEB-F99D6CFA2E8E}.Release|Any CPU.ActiveCfg = Release|Any CPU
		{697D6BCE-4EC6-40F5-BAEB-F99D6CFA2E8E}.Release|Any CPU.Build.0 = Release|Any CPU
	EndGlobalSection
	GlobalSection(SolutionProperties) = preSolution
		HideSolutionNode = FALSE
	EndGlobalSection
	GlobalSection(ExtensibilityGlobals) = postSolution
		SolutionGuid = {EE882B90-7706-428E-8AEE-D05637DD2E18}
	EndGlobalSection
EndGlobal
