
Microsoft Visual Studio Solution File, Format Version 12.00
# Visual Studio Version 16
VisualStudioVersion = 16.0.33027.164
MinimumVisualStudioVersion = 10.0.40219.1
Project("{FAE04EC0-301F-11D3-BF4B-00C04F79EFBC}") = "Action_ConfirmPayment_Confirm", "Action_ConfirmPayment_Confirm\Action_ConfirmPayment_Confirm.csproj", "{32C4426D-533B-4BA1-B3B2-8C0A0A79D9E9}"
EndProject
Global
	GlobalSection(SolutionConfigurationPlatforms) = preSolution
		Debug|Any CPU = Debug|Any CPU
		Release|Any CPU = Release|Any CPU
	EndGlobalSection
	GlobalSection(ProjectConfigurationPlatforms) = postSolution
		{32C4426D-533B-4BA1-B3B2-8C0A0A79D9E9}.Debug|Any CPU.ActiveCfg = Debug|Any CPU
		{32C4426D-533B-4BA1-B3B2-8C0A0A79D9E9}.Debug|Any CPU.Build.0 = Debug|Any CPU
		{32C4426D-533B-4BA1-B3B2-8C0A0A79D9E9}.Release|Any CPU.ActiveCfg = Release|Any CPU
		{32C4426D-533B-4BA1-B3B2-8C0A0A79D9E9}.Release|Any CPU.Build.0 = Release|Any CPU
	EndGlobalSection
	GlobalSection(SolutionProperties) = preSolution
		HideSolutionNode = FALSE
	EndGlobalSection
	GlobalSection(ExtensibilityGlobals) = postSolution
		SolutionGuid = {C13780A5-53DD-4333-BA81-FF5175A9D45B}
	EndGlobalSection
EndGlobal
