
Microsoft Visual Studio Solution File, Format Version 12.00
# Visual Studio Version 16
VisualStudioVersion = 16.0.33214.272
MinimumVisualStudioVersion = 10.0.40219.1
Project("{FAE04EC0-301F-11D3-BF4B-00C04F79EFBC}") = "Action_ApplyDocument", "Action_ApplyDocument.csproj", "{84A66969-5E46-4003-A196-1F6C10090E6B}"
EndProject
Project("{FAE04EC0-301F-11D3-BF4B-00C04F79EFBC}") = "Action_Collection_Report_btncalculate", "..\Action_Collection_Report_btncalculate\Action_Collection_Report_btncalculate.csproj", "{09A392B4-87A6-4BAD-8B6E-033755FF3F1B}"
EndProject
Project("{FAE04EC0-301F-11D3-BF4B-00C04F79EFBC}") = "Action_InterestSimulation_Option", "..\Action_InterestSimulation_Option\Action_InterestSimulation_Option.csproj", "{349979AC-9399-4374-BCFE-5FC81828E016}"
EndProject
Project("{FAE04EC0-301F-11D3-BF4B-00C04F79EFBC}") = "Plugin_VoidPayment_updatePendingPM", "..\Plugin_VoidPayment__updatePendingPM\Plugin_VoidPayment_updatePendingPM.csproj", "{8F025ED5-880C-4C21-BF62-3EB17E1DC68F}"
EndProject
Project("{FAE04EC0-301F-11D3-BF4B-00C04F79EFBC}") = "Action_WarningNotices_GenerateWarningNotices", "..\Action_WarningNotices_GenerateWarningNotices\Action_WarningNotices_GenerateWarningNotices.csproj", "{AC4A547A-54CF-4718-A2B0-897F729FDAC3}"
EndProject
Project("{FAE04EC0-301F-11D3-BF4B-00C04F79EFBC}") = "Action_CustomerNotices_GenerateCustomerNotices", "..\Action_CustomerNotices_GenerateCustomerNotices\Action_CustomerNotices_GenerateCustomerNotices\Action_CustomerNotices_GenerateCustomerNotices.csproj", "{91EF71F6-FE5A-477A-ACA0-0BCAE81B485F}"
EndProject
Project("{FAE04EC0-301F-11D3-BF4B-00C04F79EFBC}") = "Plugin_Update_Installment", "..\Solution_PSSRepo\Main\Plugin_Update_Installment\Plugin_Update_Installment.csproj", "{AF7B9608-EFC2-418A-83E9-520388DE854D}"
EndProject
Project("{FAE04EC0-301F-11D3-BF4B-00C04F79EFBC}") = "Plugin_Approve", "..\Solution_PSSRepo\Main\Plugin_Approve\Plugin_Approve.csproj", "{2B4AB50B-771A-488E-B7B1-7E0D0D11F7B9}"
EndProject
Global
	GlobalSection(SolutionConfigurationPlatforms) = preSolution
		Debug|Any CPU = Debug|Any CPU
		Release|Any CPU = Release|Any CPU
	EndGlobalSection
	GlobalSection(ProjectConfigurationPlatforms) = postSolution
		{84A66969-5E46-4003-A196-1F6C10090E6B}.Debug|Any CPU.ActiveCfg = Debug|Any CPU
		{84A66969-5E46-4003-A196-1F6C10090E6B}.Debug|Any CPU.Build.0 = Debug|Any CPU
		{84A66969-5E46-4003-A196-1F6C10090E6B}.Release|Any CPU.ActiveCfg = Release|Any CPU
		{84A66969-5E46-4003-A196-1F6C10090E6B}.Release|Any CPU.Build.0 = Release|Any CPU
		{09A392B4-87A6-4BAD-8B6E-033755FF3F1B}.Debug|Any CPU.ActiveCfg = Debug|Any CPU
		{09A392B4-87A6-4BAD-8B6E-033755FF3F1B}.Debug|Any CPU.Build.0 = Debug|Any CPU
		{09A392B4-87A6-4BAD-8B6E-033755FF3F1B}.Release|Any CPU.ActiveCfg = Release|Any CPU
		{09A392B4-87A6-4BAD-8B6E-033755FF3F1B}.Release|Any CPU.Build.0 = Release|Any CPU
		{349979AC-9399-4374-BCFE-5FC81828E016}.Debug|Any CPU.ActiveCfg = Debug|Any CPU
		{349979AC-9399-4374-BCFE-5FC81828E016}.Debug|Any CPU.Build.0 = Debug|Any CPU
		{349979AC-9399-4374-BCFE-5FC81828E016}.Release|Any CPU.ActiveCfg = Release|Any CPU
		{349979AC-9399-4374-BCFE-5FC81828E016}.Release|Any CPU.Build.0 = Release|Any CPU
		{8F025ED5-880C-4C21-BF62-3EB17E1DC68F}.Debug|Any CPU.ActiveCfg = Debug|Any CPU
		{8F025ED5-880C-4C21-BF62-3EB17E1DC68F}.Debug|Any CPU.Build.0 = Debug|Any CPU
		{8F025ED5-880C-4C21-BF62-3EB17E1DC68F}.Release|Any CPU.ActiveCfg = Release|Any CPU
		{8F025ED5-880C-4C21-BF62-3EB17E1DC68F}.Release|Any CPU.Build.0 = Release|Any CPU
		{AC4A547A-54CF-4718-A2B0-897F729FDAC3}.Debug|Any CPU.ActiveCfg = Debug|Any CPU
		{AC4A547A-54CF-4718-A2B0-897F729FDAC3}.Debug|Any CPU.Build.0 = Debug|Any CPU
		{AC4A547A-54CF-4718-A2B0-897F729FDAC3}.Release|Any CPU.ActiveCfg = Release|Any CPU
		{AC4A547A-54CF-4718-A2B0-897F729FDAC3}.Release|Any CPU.Build.0 = Release|Any CPU
		{91EF71F6-FE5A-477A-ACA0-0BCAE81B485F}.Debug|Any CPU.ActiveCfg = Debug|Any CPU
		{91EF71F6-FE5A-477A-ACA0-0BCAE81B485F}.Debug|Any CPU.Build.0 = Debug|Any CPU
		{91EF71F6-FE5A-477A-ACA0-0BCAE81B485F}.Release|Any CPU.ActiveCfg = Release|Any CPU
		{91EF71F6-FE5A-477A-ACA0-0BCAE81B485F}.Release|Any CPU.Build.0 = Release|Any CPU
		{AF7B9608-EFC2-418A-83E9-520388DE854D}.Debug|Any CPU.ActiveCfg = Debug|Any CPU
		{AF7B9608-EFC2-418A-83E9-520388DE854D}.Debug|Any CPU.Build.0 = Debug|Any CPU
		{AF7B9608-EFC2-418A-83E9-520388DE854D}.Release|Any CPU.ActiveCfg = Release|Any CPU
		{AF7B9608-EFC2-418A-83E9-520388DE854D}.Release|Any CPU.Build.0 = Release|Any CPU
		{2B4AB50B-771A-488E-B7B1-7E0D0D11F7B9}.Debug|Any CPU.ActiveCfg = Debug|Any CPU
		{2B4AB50B-771A-488E-B7B1-7E0D0D11F7B9}.Debug|Any CPU.Build.0 = Debug|Any CPU
		{2B4AB50B-771A-488E-B7B1-7E0D0D11F7B9}.Release|Any CPU.ActiveCfg = Release|Any CPU
		{2B4AB50B-771A-488E-B7B1-7E0D0D11F7B9}.Release|Any CPU.Build.0 = Release|Any CPU
	EndGlobalSection
	GlobalSection(SolutionProperties) = preSolution
		HideSolutionNode = FALSE
	EndGlobalSection
	GlobalSection(ExtensibilityGlobals) = postSolution
		SolutionGuid = {196C965C-E855-4AD6-8C35-8DF922D27463}
	EndGlobalSection
EndGlobal
