
Microsoft Visual Studio Solution File, Format Version 12.00
# Visual Studio 15
VisualStudioVersion = 15.0.28307.1022
MinimumVisualStudioVersion = 10.0.40219.1
Project("{FAE04EC0-301F-11D3-BF4B-00C04F79EFBC}") = "Plugin_CollectionMeeting_GenerateTermination", "Plugin_CollectionMeeting_GenerateTermination.csproj", "{0911E1BF-4AD1-4CAF-9A57-3FC5083B3268}"
EndProject
Global
	GlobalSection(SolutionConfigurationPlatforms) = preSolution
		Debug|Any CPU = Debug|Any CPU
		Release|Any CPU = Release|Any CPU
	EndGlobalSection
	GlobalSection(ProjectConfigurationPlatforms) = postSolution
		{0911E1BF-4AD1-4CAF-9A57-3FC5083B3268}.Debug|Any CPU.ActiveCfg = Debug|Any CPU
		{0911E1BF-4AD1-4CAF-9A57-3FC5083B3268}.Debug|Any CPU.Build.0 = Debug|Any CPU
		{0911E1BF-4AD1-4CAF-9A57-3FC5083B3268}.Release|Any CPU.ActiveCfg = Release|Any CPU
		{0911E1BF-4AD1-4CAF-9A57-3FC5083B3268}.Release|Any CPU.Build.0 = Release|Any CPU
	EndGlobalSection
	GlobalSection(SolutionProperties) = preSolution
		HideSolutionNode = FALSE
	EndGlobalSection
	GlobalSection(ExtensibilityGlobals) = postSolution
		SolutionGuid = {59BA58D0-17E2-4C49-9AE1-DBB1A0F38790}
	EndGlobalSection
EndGlobal
