
Microsoft Visual Studio Solution File, Format Version 12.00
# Visual Studio Version 17
VisualStudioVersion = 17.11.35303.130
MinimumVisualStudioVersion = 10.0.40219.1
Project("{FAE04EC0-301F-11D3-BF4B-00C04F79EFBC}") = "Action_InterestSimulation_Option", "Action_InterestSimulation_Option.csproj", "{349979AC-9399-4374-BCFE-5FC81828E016}"
EndProject
Global
	GlobalSection(SolutionConfigurationPlatforms) = preSolution
		Debug|Any CPU = Debug|Any CPU
		Release|Any CPU = Release|Any CPU
	EndGlobalSection
	GlobalSection(ProjectConfigurationPlatforms) = postSolution
		{349979AC-9399-4374-BCFE-5FC81828E016}.Debug|Any CPU.ActiveCfg = Debug|Any CPU
		{349979AC-9399-4374-BCFE-5FC81828E016}.Debug|Any CPU.Build.0 = Debug|Any CPU
		{349979AC-9399-4374-BCFE-5FC81828E016}.Release|Any CPU.ActiveCfg = Release|Any CPU
		{349979AC-9399-4374-BCFE-5FC81828E016}.Release|Any CPU.Build.0 = Release|Any CPU
	EndGlobalSection
	GlobalSection(SolutionProperties) = preSolution
		HideSolutionNode = FALSE
	EndGlobalSection
	GlobalSection(ExtensibilityGlobals) = postSolution
		SolutionGuid = {84DD59E3-C2CA-4D05-9551-42DE6081424F}
	EndGlobalSection
EndGlobal
