
Microsoft Visual Studio Solution File, Format Version 12.00
# Visual Studio Version 16
VisualStudioVersion = 16.0.33214.272
MinimumVisualStudioVersion = 10.0.40219.1
Project("{FAE04EC0-301F-11D3-BF4B-00C04F79EFBC}") = "Action_BankingLoan_Mortgage", "Action_BankingLoan_Mortgage\Action_BankingLoan_Mortgage.csproj", "{BB30E455-831D-4054-A6B5-2F696540C8F8}"
EndProject
Global
	GlobalSection(SolutionConfigurationPlatforms) = preSolution
		Debug|Any CPU = Debug|Any CPU
		Release|Any CPU = Release|Any CPU
	EndGlobalSection
	GlobalSection(ProjectConfigurationPlatforms) = postSolution
		{BB30E455-831D-4054-A6B5-2F696540C8F8}.Debug|Any CPU.ActiveCfg = Debug|Any CPU
		{BB30E455-831D-4054-A6B5-2F696540C8F8}.Debug|Any CPU.Build.0 = Debug|Any CPU
		{BB30E455-831D-4054-A6B5-2F696540C8F8}.Release|Any CPU.ActiveCfg = Release|Any CPU
		{BB30E455-831D-4054-A6B5-2F696540C8F8}.Release|Any CPU.Build.0 = Release|Any CPU
	EndGlobalSection
	GlobalSection(SolutionProperties) = preSolution
		HideSolutionNode = FALSE
	EndGlobalSection
	GlobalSection(ExtensibilityGlobals) = postSolution
		SolutionGuid = {A222E7E9-0E12-4432-BFD3-D1F1218E7FE8}
	EndGlobalSection
EndGlobal
