
Microsoft Visual Studio Solution File, Format Version 12.00
# Visual Studio Version 17
VisualStudioVersion = 17.6.33723.286
MinimumVisualStudioVersion = 10.0.40219.1
Project("{FAE04EC0-301F-11D3-BF4B-00C04F79EFBC}") = "WebResource", "WebResource\WebResource.csproj", "{F22E0825-F0D9-4CDC-A7D9-25580E4AA00B}"
EndProject
Project("{2150E333-8FDC-42A3-9474-1A3956D46DE8}") = "Plugin", "Plugin", "{000F12FC-0A81-4323-85B2-85BA366A99BF}"
EndProject
Project("{FAE04EC0-301F-11D3-BF4B-00C04F79EFBC}") = "Plugin_Updateduedate", "Plugin\Plugin_Updateduedate\Plugin_Updateduedate.csproj", "{468BD624-2DBE-4ED8-B901-6B93D0754579}"
EndProject
Project("{FAE04EC0-301F-11D3-BF4B-00C04F79EFBC}") = "Action_Active_GenerateTerminateLetter", "Action\Action_Active_GenerateTerminateLetter\Action_Active_GenerateTerminateLetter.csproj", "{97583DA4-0070-4156-9269-2FAF5B447C3F}"
EndProject
Project("{2150E333-8FDC-42A3-9474-1A3956D46DE8}") = "Action", "Action", "{02252161-F2D2-4C8D-8781-1D80691FB0D6}"
EndProject
Project("{FAE04EC0-301F-11D3-BF4B-00C04F79EFBC}") = "Action_Approved_Updateduedate_Master", "Action\Action_Approved_Updateduedate_Master\Action_Approved_Updateduedate_Master.csproj", "{AFAE3EBF-FFDD-4E08-B48A-C60A8C6ABDA1}"
EndProject
Project("{FAE04EC0-301F-11D3-BF4B-00C04F79EFBC}") = "Action_Approved_UpdateDuedateOfLastInstallment_Master", "Action\Action_Approved_UpdateDuedateOfLastInstallment_Master\Action_Approved_UpdateDuedateOfLastInstallment_Master.csproj", "{EAE2A3F9-4A24-43E8-B1FF-3A7C2E236A4A}"
EndProject
Project("{FAE04EC0-301F-11D3-BF4B-00C04F79EFBC}") = "Action_TerminateLetter_GenerateTerminateLetter", "Action\Action_TerminateLetter_GenerateTerminateLetter\Action_TerminateLetter_GenerateTerminateLetter.csproj", "{AE7D5768-3AF5-47F4-9A54-A599817C4A02}"
EndProject
Project("{FAE04EC0-301F-11D3-BF4B-00C04F79EFBC}") = "Plugin_Updateduedateoflastinstallmentapprove", "Plugin\Plugin_Updateduedateoflastinstallmentapprove\Plugin_Updateduedateoflastinstallmentapprove.csproj", "{2C902C73-540C-4374-8378-B589A59C5B24}"
EndProject
Project("{FAE04EC0-301F-11D3-BF4B-00C04F79EFBC}") = "Action_TerminateLetter_GenerateTerminateLetter_Detail", "Action\Action_TerminateLetter_GenerateTerminateLetter_Detail\Action_TerminateLetter_GenerateTerminateLetter_Detail.csproj", "{C2217EFE-7DF7-4F62-A697-4C3EE0C7C092}"
EndProject
Project("{FAE04EC0-301F-11D3-BF4B-00C04F79EFBC}") = "Plugin_CollectionMeeting_GenerateTermination", "Plugin\Plugin_CollectionMeeting_GenerateTermination_1.0.0.0\Plugin_CollectionMeeting_GenerateTermination.csproj", "{A570B9AE-AA09-4288-A084-B39B34A0170F}"
EndProject
Project("{FAE04EC0-301F-11D3-BF4B-00C04F79EFBC}") = "Action_Approved_Updateduedateoflastinstallmentapprove_Detal", "Action_Approved_Updateduedateoflastinstallmentapprove_Detal\Action_Approved_Updateduedateoflastinstallmentapprove_Detal.csproj", "{184C5662-4EED-4BB6-BF1C-98FCB987D2F8}"
EndProject
Project("{FAE04EC0-301F-11D3-BF4B-00C04F79EFBC}") = "Action_Active_Approved_Updateduedateoflastinstallmentapprove_Detal", "Action_Active_Approved_Updateduedateoflastinstallmentapprove_Detal\Action_Active_Approved_Updateduedateoflastinstallmentapprove_Detal.csproj", "{F61E08B2-AEDC-4D83-B9BD-3A02A2F813D1}"
EndProject
Project("{2150E333-8FDC-42A3-9474-1A3956D46DE8}") = "Update Due Date", "Update Due Date", "{80AF228A-9EA7-42D0-AAB8-1661D7FFB300}"
EndProject
Project("{FAE04EC0-301F-11D3-BF4B-00C04F79EFBC}") = "Action_Active_Approved_Updateduedate_Detail", "Action_Active_Approved_Updateduedate_Detail\Action_Active_Approved_Updateduedate_Detail.csproj", "{BA0AE25E-2CB7-4334-BBFD-71F636FB59BF}"
EndProject
Project("{FAE04EC0-301F-11D3-BF4B-00C04F79EFBC}") = "Action_Approved_Updateduedate_Detail", "Action_Approved_Updateduedate_Detail\Action_Approved_Updateduedate_Detail.csproj", "{1A7C6FE1-3B25-46AA-9FFB-DFD182571FE7}"
EndProject
Project("{2150E333-8FDC-42A3-9474-1A3956D46DE8}") = "Update Duedate Of Last Installment", "Update Duedate Of Last Installment", "{5707B24C-9783-41D2-A2BC-4ADD3FB61AC8}"
EndProject
Project("{2150E333-8FDC-42A3-9474-1A3956D46DE8}") = "Option Entry", "Option Entry", "{2ABBF491-1046-40A8-91FE-7B35B7FD2DD7}"
EndProject
Project("{FAE04EC0-301F-11D3-BF4B-00C04F79EFBC}") = "Action_Confirm_Amount_bulk", "Action_Confirm_Amount_bulk\Action_Confirm_Amount_bulk.csproj", "{357BF2A7-11FF-420A-8F80-C38C19983BAE}"
EndProject
Project("{2150E333-8FDC-42A3-9474-1A3956D46DE8}") = "Update Estimate Handover Date", "Update Estimate Handover Date", "{052C91F9-4A64-4EEC-8955-6FB0BC864EC3}"
EndProject
Project("{FAE04EC0-301F-11D3-BF4B-00C04F79EFBC}") = "Plugin_Updateestimatehandoverdate", "Plugin_Updateestimatehandoverdate\Plugin_Updateestimatehandoverdate.csproj", "{C613048A-597C-446F-91C4-81B3923610CA}"
EndProject
Project("{FAE04EC0-301F-11D3-BF4B-00C04F79EFBC}") = "Plugin_Update_Estimate_Handover_Date_Approve_1.0.0.0", "Plugin\Plugin_Update_Estimate_Handover_Date_Approve_1.0.0.0\Plugin_Update_Estimate_Handover_Date_Approve_1.0.0.0.csproj", "{E438DF26-A10C-444D-AA9B-4BEF34943385}"
EndProject
Project("{FAE04EC0-301F-11D3-BF4B-00C04F79EFBC}") = "Action_Active_Approved_Updateestimatehandoverdate_Detail", "Action_Active_Approved_Updateestimatehandoverdate_Detail\Action_Active_Approved_Updateestimatehandoverdate_Detail.csproj", "{6E8E9616-C3D9-461A-AD0B-684C818F2BF7}"
EndProject
Project("{FAE04EC0-301F-11D3-BF4B-00C04F79EFBC}") = "Action_Approved_Updateestimatehandoverdate_Detail", "Action_Approved_Updateestimatehandoverdate_Detail\Action_Approved_Updateestimatehandoverdate_Detail.csproj", "{2404EB83-2408-4730-8FBB-5BB20B84A9AB}"
EndProject
Project("{FAE04EC0-301F-11D3-BF4B-00C04F79EFBC}") = "Action_Calculate_Interest_SIMULATION_report", "Action_Calculate_Interest_SIMULATION_report\Action_Calculate_Interest_SIMULATION_report.csproj", "{0548E8A9-2A13-4FF3-929C-4F06DA14A875}"
EndProject
Project("{FAE04EC0-301F-11D3-BF4B-00C04F79EFBC}") = "Action_HandoverNotices_GenerateHandoverNotices", "Action\Action_HandoverNotices_GenerateHandoverNotices\Action_HandoverNotices_GenerateHandoverNotices\Action_HandoverNotices_GenerateHandoverNotices.csproj", "{B4421AB3-077A-4AA9-A731-B6DAE5875528}"
EndProject
Project("{FAE04EC0-301F-11D3-BF4B-00C04F79EFBC}") = "Plugin_UpdateLandvalueUnit_Approve_1.0.0.0", "Plugin\Plugin_UpdateLandvalueUnit_Approve_1.0.0.0\Plugin_UpdateLandvalueUnit_Approve_1.0.0.0.csproj", "{950F76C4-E19D-4FB6-8671-D7CFA1E0A703}"
EndProject
Project("{2150E333-8FDC-42A3-9474-1A3956D46DE8}") = "Update Land Value", "Update Land Value", "{D79DFEF0-74D3-48AE-9A2B-1CEDA9E1A373}"
EndProject
Project("{FAE04EC0-301F-11D3-BF4B-00C04F79EFBC}") = "Action_Action_UpdateLandValue", "Action\Action_Action_UpdateLandValue\Action_Action_UpdateLandValue.csproj", "{E54A125F-07C5-45B8-BA02-FF8A229BD324}"
EndProject
Project("{FAE04EC0-301F-11D3-BF4B-00C04F79EFBC}") = "Action_UpdateLandValue_Detail", "Action_UpdateLandValue_Detail\Action_UpdateLandValue_Detail.csproj", "{0D72296E-6411-4645-ADCA-324652BE0BDE}"
EndProject
Project("{FAE04EC0-301F-11D3-BF4B-00C04F79EFBC}") = "Plugin_Update_Approver_DateApprove_1.0.0.0", "Plugin\Plugin_Update_Approver_DateApprove_1.0.0.0\Plugin_Update_Approver_DateApprove_1.0.0.0.csproj", "{EF273CB7-A931-4F10-89DA-FC3459A80C84}"
EndProject
Project("{FAE04EC0-301F-11D3-BF4B-00C04F79EFBC}") = "Action_FUL_GenerateTerminateLetter_1.0.0.0", "Action_FUL_GenerateTerminateLetter_1.0.0.0\Action_FUL_GenerateTerminateLetter_1.0.0.0.csproj", "{586A83F5-9D4A-4203-BC12-F3B391AD58DF}"
EndProject
Project("{FAE04EC0-301F-11D3-BF4B-00C04F79EFBC}") = "Plugin_Approve", "Plugin_Approve\Plugin_Approve.csproj", "{2B4AB50B-771A-488E-B7B1-7E0D0D11F7B9}"
EndProject
Project("{FAE04EC0-301F-11D3-BF4B-00C04F79EFBC}") = "Plugin_CreatePriceListItem", "Plugin\Plugin_CreatePriceListItem\Plugin_CreatePriceListItem.csproj", "{DC951C5A-1B2E-4E76-9323-FED24684E67A}"
EndProject
Project("{2150E333-8FDC-42A3-9474-1A3956D46DE8}") = "Quotation Reservation", "Quotation Reservation", "{8810B24E-C28F-4FEB-AF6C-BA0BA6149069}"
EndProject
Project("{FAE04EC0-301F-11D3-BF4B-00C04F79EFBC}") = "Action_Resv_GenPMS", "..\..\Action_Resv_GenPMS\Action_Resv_GenPMS.csproj", "{E3AC7A4A-6849-4658-93E5-DA0AAFD2E219}"
EndProject
Project("{2150E333-8FDC-42A3-9474-1A3956D46DE8}") = "Create", "Create", "{6DBB064F-C901-4B38-99DD-57E1F19CFABC}"
EndProject
Project("{FAE04EC0-301F-11D3-BF4B-00C04F79EFBC}") = "Plugin_Create_UpdateLandValueUnits", "Plugin\Create Entity\Plugin_Create_UpdateLandValueUnits\Plugin_Create_UpdateLandValueUnits.csproj", "{0397DC87-A570-4287-9B6B-A5B4EEA4AF48}"
EndProject
Project("{2150E333-8FDC-42A3-9474-1A3956D46DE8}") = "Lib", "Lib", "{9D9A632C-3372-4DAE-8275-FC4B481A7820}"
EndProject
Project("{FAE04EC0-301F-11D3-BF4B-00C04F79EFBC}") = "Action_MergeFilePDF", "Action_MergeFilePDF\Action_MergeFilePDF.csproj", "{0BDB472D-686A-435C-8EA2-0986EDAD5FE3}"
EndProject
Project("{2150E333-8FDC-42A3-9474-1A3956D46DE8}") = "PA", "PA", "{C03B7293-D245-4930-B413-3FCFF55503A2}"
EndProject
Project("{FAE04EC0-301F-11D3-BF4B-00C04F79EFBC}") = "Action_FormatString_Input_Selectedrecord", "Action_FormatString_Input_Selectedrecord\Action_FormatString_Input_Selectedrecord.csproj", "{104ACDD8-6678-4640-8C81-B0F1B621C223}"
EndProject
Project("{F14B399A-7131-4C87-9E4B-1186C45EF12D}") = "Report Project RDL", "Report Project RDL\Report Project RDL.rptproj", "{9038805C-B3CC-4E6D-95F9-0CEB78BE7721}"
EndProject
Project("{FAE04EC0-301F-11D3-BF4B-00C04F79EFBC}") = "Plugin_Create_FUL", "Plugin_Create_FUL\Plugin_Create_FUL.csproj", "{A47E950D-545A-4E3E-9A4F-CD1EB0D7E103}"
EndProject
Project("{FAE04EC0-301F-11D3-BF4B-00C04F79EFBC}") = "Action_SignedContract_1.0.0.0", "Action\Action_SignedContract_1.0.0.0\Action_SignedContract_1.0.0.0.csproj", "{E813B202-F95F-408E-8DE9-1126C5A38B01}"
EndProject
Project("{F14B399A-7131-4C87-9E4B-1186C45EF12D}") = "RDL_", "RDL_\RDL_.rptproj", "{8286618E-DB34-4DFB-88EB-31D577456D7E}"
EndProject
Project("{FAE04EC0-301F-11D3-BF4B-00C04F79EFBC}") = "Plugin_Create_OP_MapField", "Plugin_Create_OP_MapField\Plugin_Create_OP_MapField.csproj", "{05DDD0A3-EDA5-4ECF-B385-0F4CE311CBE6}"
EndProject
Project("{FAE04EC0-301F-11D3-BF4B-00C04F79EFBC}") = "Plugin_AutoShare_All_1.0.0.0", "Plugin\Plugin_AutoShare_All_1.0.0.0\Plugin_AutoShare_All_1.0.0.0.csproj", "{C270878D-AF06-46D0-94C5-FAA7D0FB3FE1}"
EndProject
Project("{FAE04EC0-301F-11D3-BF4B-00C04F79EFBC}") = "Plugin_AutoShareRecord", "Plugin\Plugin_AutoShareRecord_1.0.0.0\Plugin_AutoShareRecord.csproj", "{BF90D0DC-197B-402B-8FF0-336A5BDA6AF0}"
EndProject
Project("{FAE04EC0-301F-11D3-BF4B-00C04F79EFBC}") = "Plugin_Create_PaymentNotices", "Plugin_Create_PaymentNotices\Plugin_Create_PaymentNotices.csproj", "{920B6EBF-A6E8-4272-83A9-44EAC6769F0F}"
EndProject
Project("{2150E333-8FDC-42A3-9474-1A3956D46DE8}") = "Update", "Update", "{ADEE3F94-9E4B-46DD-A437-283E0B339563}"
EndProject
Project("{FAE04EC0-301F-11D3-BF4B-00C04F79EFBC}") = "Plugin_Update_Installment", "Plugin_Update_Installment\Plugin_Update_Installment.csproj", "{AF7B9608-EFC2-418A-83E9-520388DE854D}"
EndProject
Project("{FAE04EC0-301F-11D3-BF4B-00C04F79EFBC}") = "Plugin_Create_UpdateDueDateDetail", "Plugin_Create_UpdateDueDateDetail\Plugin_Create_UpdateDueDateDetail.csproj", "{CFA504B0-4933-4378-8CEC-7B81266C2C11}"
EndProject
Project("{2150E333-8FDC-42A3-9474-1A3956D46DE8}") = "Warringsnotices", "Warringsnotices", "{1312EFA9-0022-4F05-AB4B-313C56694A40}"
EndProject
Project("{FAE04EC0-301F-11D3-BF4B-00C04F79EFBC}") = "Action_WarningNotices_GenerateWarningNotices", "..\..\Action_WarningNotices_GenerateWarningNotices\Action_WarningNotices_GenerateWarningNotices.csproj", "{AC4A547A-54CF-4718-A2B0-897F729FDAC3}"
EndProject
Project("{2150E333-8FDC-42A3-9474-1A3956D46DE8}") = "Payments", "Payments", "{5B958E12-A606-4B50-9B7C-45BF1CA9A7DB}"
EndProject
Project("{FAE04EC0-301F-11D3-BF4B-00C04F79EFBC}") = "Action_ConvertWordToPDF", "Action_ConvertWordToPDF\Action_ConvertWordToPDF.csproj", "{A699CCCB-443D-4EC0-8136-395CFFCA2A97}"
EndProject
Project("{FAE04EC0-301F-11D3-BF4B-00C04F79EFBC}") = "Action_GetMailFromAndTo", "Action\Action_GetMailFromAndTo\Action_GetMailFromAndTo.csproj", "{5F39F1BC-F442-497A-9F8B-6291F4D09D8C}"
EndProject
Project("{FAE04EC0-301F-11D3-BF4B-00C04F79EFBC}") = "Plugin_Update_Email_MapInforToPayment", "Plugin\Update Entity\Plugin_Update_Email_MapInforToPayment\Plugin_Update_Email_MapInforToPayment.csproj", "{79561B9A-57A5-40CA-A427-DF3F2B4B1225}"
EndProject
Project("{FAE04EC0-301F-11D3-BF4B-00C04F79EFBC}") = "Action_UpdateOwner", "Action\Action_UpdateOwner\Action_UpdateOwner.csproj", "{313634BB-2F5C-4203-A890-BDB705D6C5D1}"
EndProject
Project("{FAE04EC0-301F-11D3-BF4B-00C04F79EFBC}") = "Plugin_CreateEmail_UpdateInforToEntity", "Plugin\Create Entity\Plugin_CreateEmail_UpdateInforToEntity\Plugin_CreateEmail_UpdateInforToEntity.csproj", "{9A5BE6E0-9D08-4E05-AD82-231118BDFA33}"
EndProject
Project("{FAE04EC0-301F-11D3-BF4B-00C04F79EFBC}") = "Action_SearchCustomer", "Action\bsd_Action_SearchCustomer\Action_SearchCustomer.csproj", "{19796873-6394-4E8C-A219-4779401B12ED}"
EndProject
Project("{FAE04EC0-301F-11D3-BF4B-00C04F79EFBC}") = "Action_ShareCustomerToTeam", "Action\Action_ShareCustomerToTeam\Action_ShareCustomerToTeam.csproj", "{4486BF61-C9D2-4820-83C1-EE42AC81451B}"
EndProject
Project("{FAE04EC0-301F-11D3-BF4B-00C04F79EFBC}") = "Action_MappingParamToWord", "Action\Action_MappingParamToWord\Action_MappingParamToWord.csproj", "{42E6A983-DA4B-4D71-B369-B290153AAE5F}"
EndProject
Project("{FAE04EC0-301F-11D3-BF4B-00C04F79EFBC}") = "Action_Documents_Approve", "..\..\Action_Documents_Approve\Action_Documents_Approve\Action_Documents_Approve.csproj", "{B4C6D60A-87C3-4C9F-B468-C6AB66436BDC}"
EndProject
Project("{FAE04EC0-301F-11D3-BF4B-00C04F79EFBC}") = "Plugin_Create_PaymentNotice_MapUpdateInstallment", "Plugin\Create Entity\Plugin_Create_PaymentNotice_MapUpdateInstallment\Plugin_Create_PaymentNotice_MapUpdateInstallment.csproj", "{CFBF373A-7DED-4D73-A515-CDA2383DDA07}"
EndProject
Project("{2150E333-8FDC-42A3-9474-1A3956D46DE8}") = "Delete", "Delete", "{60A27F70-08AB-4A30-869E-7D313D3760AE}"
EndProject
Project("{FAE04EC0-301F-11D3-BF4B-00C04F79EFBC}") = "Plugin_Delete_PaymentNotices", "Plugin\Delete Entity\Plugin_Delete_PaymentNotices\Plugin_Delete_PaymentNotices.csproj", "{620B508D-FFC8-468A-99C4-62E129172C5E}"
EndProject
Project("{FAE04EC0-301F-11D3-BF4B-00C04F79EFBC}") = "Plugin_Update_PaymentNotices_Date", "Plugin\Update Entity\Plugin_Update_PaymentNotices_Date\Plugin_Update_PaymentNotices_Date.csproj", "{02E2946F-256A-4A16-B9F9-BC046F06C8E5}"
EndProject
Project("{2150E333-8FDC-42A3-9474-1A3956D46DE8}") = "Email", "Email", "{E2E9F0E0-0EBD-4467-A2B6-FC9D50E7EAE3}"
EndProject
Project("{FAE04EC0-301F-11D3-BF4B-00C04F79EFBC}") = "Pl_Resv_ReventAdd_Coownerv2", "Plugin\Create Entity\Pl_Resv_ReventAdd_Coowner\Pl_Resv_ReventAdd_Coownerv2.csproj", "{1004E468-FAFB-416C-9199-5A4923DCC1CB}"
EndProject
Project("{FAE04EC0-301F-11D3-BF4B-00C04F79EFBC}") = "ServiceHelper", "ServiceHelper\ServiceHelper.csproj", "{3E2EB99A-1298-44E7-9906-367F50F37CDB}"
EndProject
Project("{FAE04EC0-301F-11D3-BF4B-00C04F79EFBC}") = "Action_CreateEmailMessage", "Action_CreateEmailMessage\Action_CreateEmailMessage.csproj", "{3466D596-64FB-4B4C-A977-ABE2ACF24405}"
EndProject
Project("{FAE04EC0-301F-11D3-BF4B-00C04F79EFBC}") = "Action_GetEmailMessage", "Action\Action_GetEmailMessage\Action_GetEmailMessage.csproj", "{EF9AA4D1-AB12-4F96-A18C-377D71D718E3}"
EndProject
Project("{FAE04EC0-301F-11D3-BF4B-00C04F79EFBC}") = "Action_GetParamTransactionPayment", "Action\Action_GetParamTransactionPayment\Action_GetParamTransactionPayment.csproj", "{309944AF-3FFB-46BD-AA2A-6A6670037A9E}"
EndProject
Project("{FAE04EC0-301F-11D3-BF4B-00C04F79EFBC}") = "Action_GetParamPaymentNotice", "Action_GetParamPaymentNotice\Action_GetParamPaymentNotice.csproj", "{13C54E7D-BB21-4006-B08F-7DAF68235E77}"
EndProject
Project("{FAE04EC0-301F-11D3-BF4B-00C04F79EFBC}") = "Plugin_UpdateEmail_UpdateBulkSendMailStatus", "Plugin_UpdateEmail_UpdateBulkSendMailStatus\Plugin_UpdateEmail_UpdateBulkSendMailStatus.csproj", "{E4043E05-7094-42DE-A9A8-A02F8B51206B}"
EndProject
Project("{FAE04EC0-301F-11D3-BF4B-00C04F79EFBC}") = "Plugin_Create_TerminationLetter", "Plugin\Create Entity\Plugin_Create_TerminationLetter\Plugin_Create_TerminationLetter.csproj", "{181AC944-BDE1-4F73-8E74-F9223BEAE769}"
EndProject
Project("{FAE04EC0-301F-11D3-BF4B-00C04F79EFBC}") = "Action_CustomerNotices_GenerateCustomerNotices", "..\..\Action_CustomerNotices_GenerateCustomerNotices\Action_CustomerNotices_GenerateCustomerNotices\Action_CustomerNotices_GenerateCustomerNotices.csproj", "{91EF71F6-FE5A-477A-ACA0-0BCAE81B485F}"
EndProject
Project("{FAE04EC0-301F-11D3-BF4B-00C04F79EFBC}") = "Action_GetDataSyncInstallment", "Action\Action_GetDataSyncInstallment\Action_GetDataSyncInstallment.csproj", "{1ADFA2AC-1807-489F-BD2B-35D8AAFD1060}"
EndProject
Project("{FAE04EC0-301F-11D3-BF4B-00C04F79EFBC}") = "Plugin_CreateDocuments", "Plugin_CreateDocuments\Plugin_CreateDocuments.csproj", "{FC7FB250-92CC-4A4C-B71D-AC9E48BFE312}"
EndProject
Project("{FAE04EC0-301F-11D3-BF4B-00C04F79EFBC}") = "Plugin_Delete_MailDraff", "Plugin_Delete_MailDraff\Plugin_Delete_MailDraff.csproj", "{284027C4-70B2-4EF2-96A8-DAAA366F1FEA}"
EndProject
Project("{FAE04EC0-301F-11D3-BF4B-00C04F79EFBC}") = "Action_Termination_Refund", "Action\Action_Termination_Refund\Action_Termination_Refund.csproj", "{A4499E9B-4C19-41A4-B8D0-FF233BD70E6A}"
EndProject
Project("{FAE04EC0-301F-11D3-BF4B-00C04F79EFBC}") = "Plugin_Create_Invoice_Payment", "..\..\Plugin_Create_Invoice_Payment\Plugin_Create_Invoice_Payment\Plugin_Create_Invoice_Payment\Plugin_Create_Invoice_Payment.csproj", "{D56899EB-90F3-4BD5-AEF4-A502B54AECC1}"
EndProject
Project("{FAE04EC0-301F-11D3-BF4B-00C04F79EFBC}") = "Plugin_Payment_Import", "..\..\Plugin_Payment_Import\Plugin_Payment_Import\Plugin_Payment_Import\Plugin_Payment_Import.csproj", "{7045C87F-60A9-4852-B4A2-510224D24972}"
EndProject
Project("{FAE04EC0-301F-11D3-BF4B-00C04F79EFBC}") = "Plugin_CollectionMeeting_GenerateTermination", "Plugin_CollectionMeeting_GenerateTermination\Plugin_CollectionMeeting_GenerateTermination.csproj", "{0911E1BF-4AD1-4CAF-9A57-3FC5083B3268}"
EndProject
Global
	GlobalSection(SolutionConfigurationPlatforms) = preSolution
		Debug|Any CPU = Debug|Any CPU
		DebugLocal|Any CPU = DebugLocal|Any CPU
		Release|Any CPU = Release|Any CPU
	EndGlobalSection
	GlobalSection(ProjectConfigurationPlatforms) = postSolution
		{F22E0825-F0D9-4CDC-A7D9-25580E4AA00B}.Debug|Any CPU.ActiveCfg = Debug|Any CPU
		{F22E0825-F0D9-4CDC-A7D9-25580E4AA00B}.Debug|Any CPU.Build.0 = Debug|Any CPU
		{F22E0825-F0D9-4CDC-A7D9-25580E4AA00B}.DebugLocal|Any CPU.ActiveCfg = Debug|Any CPU
		{F22E0825-F0D9-4CDC-A7D9-25580E4AA00B}.DebugLocal|Any CPU.Build.0 = Debug|Any CPU
		{F22E0825-F0D9-4CDC-A7D9-25580E4AA00B}.Release|Any CPU.ActiveCfg = Release|Any CPU
		{F22E0825-F0D9-4CDC-A7D9-25580E4AA00B}.Release|Any CPU.Build.0 = Release|Any CPU
		{468BD624-2DBE-4ED8-B901-6B93D0754579}.Debug|Any CPU.ActiveCfg = Debug|Any CPU
		{468BD624-2DBE-4ED8-B901-6B93D0754579}.Debug|Any CPU.Build.0 = Debug|Any CPU
		{468BD624-2DBE-4ED8-B901-6B93D0754579}.DebugLocal|Any CPU.ActiveCfg = Debug|Any CPU
		{468BD624-2DBE-4ED8-B901-6B93D0754579}.DebugLocal|Any CPU.Build.0 = Debug|Any CPU
		{468BD624-2DBE-4ED8-B901-6B93D0754579}.Release|Any CPU.ActiveCfg = Release|Any CPU
		{468BD624-2DBE-4ED8-B901-6B93D0754579}.Release|Any CPU.Build.0 = Release|Any CPU
		{97583DA4-0070-4156-9269-2FAF5B447C3F}.Debug|Any CPU.ActiveCfg = Debug|Any CPU
		{97583DA4-0070-4156-9269-2FAF5B447C3F}.Debug|Any CPU.Build.0 = Debug|Any CPU
		{97583DA4-0070-4156-9269-2FAF5B447C3F}.DebugLocal|Any CPU.ActiveCfg = Debug|Any CPU
		{97583DA4-0070-4156-9269-2FAF5B447C3F}.DebugLocal|Any CPU.Build.0 = Debug|Any CPU
		{97583DA4-0070-4156-9269-2FAF5B447C3F}.Release|Any CPU.ActiveCfg = Release|Any CPU
		{97583DA4-0070-4156-9269-2FAF5B447C3F}.Release|Any CPU.Build.0 = Release|Any CPU
		{AFAE3EBF-FFDD-4E08-B48A-C60A8C6ABDA1}.Debug|Any CPU.ActiveCfg = Debug|Any CPU
		{AFAE3EBF-FFDD-4E08-B48A-C60A8C6ABDA1}.Debug|Any CPU.Build.0 = Debug|Any CPU
		{AFAE3EBF-FFDD-4E08-B48A-C60A8C6ABDA1}.DebugLocal|Any CPU.ActiveCfg = Debug|Any CPU
		{AFAE3EBF-FFDD-4E08-B48A-C60A8C6ABDA1}.DebugLocal|Any CPU.Build.0 = Debug|Any CPU
		{AFAE3EBF-FFDD-4E08-B48A-C60A8C6ABDA1}.Release|Any CPU.ActiveCfg = Release|Any CPU
		{AFAE3EBF-FFDD-4E08-B48A-C60A8C6ABDA1}.Release|Any CPU.Build.0 = Release|Any CPU
		{EAE2A3F9-4A24-43E8-B1FF-3A7C2E236A4A}.Debug|Any CPU.ActiveCfg = Debug|Any CPU
		{EAE2A3F9-4A24-43E8-B1FF-3A7C2E236A4A}.Debug|Any CPU.Build.0 = Debug|Any CPU
		{EAE2A3F9-4A24-43E8-B1FF-3A7C2E236A4A}.DebugLocal|Any CPU.ActiveCfg = Debug|Any CPU
		{EAE2A3F9-4A24-43E8-B1FF-3A7C2E236A4A}.DebugLocal|Any CPU.Build.0 = Debug|Any CPU
		{EAE2A3F9-4A24-43E8-B1FF-3A7C2E236A4A}.Release|Any CPU.ActiveCfg = Release|Any CPU
		{EAE2A3F9-4A24-43E8-B1FF-3A7C2E236A4A}.Release|Any CPU.Build.0 = Release|Any CPU
		{AE7D5768-3AF5-47F4-9A54-A599817C4A02}.Debug|Any CPU.ActiveCfg = Debug|Any CPU
		{AE7D5768-3AF5-47F4-9A54-A599817C4A02}.Debug|Any CPU.Build.0 = Debug|Any CPU
		{AE7D5768-3AF5-47F4-9A54-A599817C4A02}.DebugLocal|Any CPU.ActiveCfg = Debug|Any CPU
		{AE7D5768-3AF5-47F4-9A54-A599817C4A02}.DebugLocal|Any CPU.Build.0 = Debug|Any CPU
		{AE7D5768-3AF5-47F4-9A54-A599817C4A02}.Release|Any CPU.ActiveCfg = Release|Any CPU
		{AE7D5768-3AF5-47F4-9A54-A599817C4A02}.Release|Any CPU.Build.0 = Release|Any CPU
		{2C902C73-540C-4374-8378-B589A59C5B24}.Debug|Any CPU.ActiveCfg = Debug|Any CPU
		{2C902C73-540C-4374-8378-B589A59C5B24}.Debug|Any CPU.Build.0 = Debug|Any CPU
		{2C902C73-540C-4374-8378-B589A59C5B24}.DebugLocal|Any CPU.ActiveCfg = Debug|Any CPU
		{2C902C73-540C-4374-8378-B589A59C5B24}.DebugLocal|Any CPU.Build.0 = Debug|Any CPU
		{2C902C73-540C-4374-8378-B589A59C5B24}.Release|Any CPU.ActiveCfg = Release|Any CPU
		{2C902C73-540C-4374-8378-B589A59C5B24}.Release|Any CPU.Build.0 = Release|Any CPU
		{C2217EFE-7DF7-4F62-A697-4C3EE0C7C092}.Debug|Any CPU.ActiveCfg = Debug|Any CPU
		{C2217EFE-7DF7-4F62-A697-4C3EE0C7C092}.Debug|Any CPU.Build.0 = Debug|Any CPU
		{C2217EFE-7DF7-4F62-A697-4C3EE0C7C092}.DebugLocal|Any CPU.ActiveCfg = Debug|Any CPU
		{C2217EFE-7DF7-4F62-A697-4C3EE0C7C092}.DebugLocal|Any CPU.Build.0 = Debug|Any CPU
		{C2217EFE-7DF7-4F62-A697-4C3EE0C7C092}.Release|Any CPU.ActiveCfg = Release|Any CPU
		{C2217EFE-7DF7-4F62-A697-4C3EE0C7C092}.Release|Any CPU.Build.0 = Release|Any CPU
		{A570B9AE-AA09-4288-A084-B39B34A0170F}.Debug|Any CPU.ActiveCfg = Debug|Any CPU
		{A570B9AE-AA09-4288-A084-B39B34A0170F}.Debug|Any CPU.Build.0 = Debug|Any CPU
		{A570B9AE-AA09-4288-A084-B39B34A0170F}.DebugLocal|Any CPU.ActiveCfg = Debug|Any CPU
		{A570B9AE-AA09-4288-A084-B39B34A0170F}.DebugLocal|Any CPU.Build.0 = Debug|Any CPU
		{A570B9AE-AA09-4288-A084-B39B34A0170F}.Release|Any CPU.ActiveCfg = Release|Any CPU
		{A570B9AE-AA09-4288-A084-B39B34A0170F}.Release|Any CPU.Build.0 = Release|Any CPU
		{184C5662-4EED-4BB6-BF1C-98FCB987D2F8}.Debug|Any CPU.ActiveCfg = Debug|Any CPU
		{184C5662-4EED-4BB6-BF1C-98FCB987D2F8}.Debug|Any CPU.Build.0 = Debug|Any CPU
		{184C5662-4EED-4BB6-BF1C-98FCB987D2F8}.DebugLocal|Any CPU.ActiveCfg = Debug|Any CPU
		{184C5662-4EED-4BB6-BF1C-98FCB987D2F8}.DebugLocal|Any CPU.Build.0 = Debug|Any CPU
		{184C5662-4EED-4BB6-BF1C-98FCB987D2F8}.Release|Any CPU.ActiveCfg = Release|Any CPU
		{184C5662-4EED-4BB6-BF1C-98FCB987D2F8}.Release|Any CPU.Build.0 = Release|Any CPU
		{F61E08B2-AEDC-4D83-B9BD-3A02A2F813D1}.Debug|Any CPU.ActiveCfg = Debug|Any CPU
		{F61E08B2-AEDC-4D83-B9BD-3A02A2F813D1}.Debug|Any CPU.Build.0 = Debug|Any CPU
		{F61E08B2-AEDC-4D83-B9BD-3A02A2F813D1}.DebugLocal|Any CPU.ActiveCfg = Debug|Any CPU
		{F61E08B2-AEDC-4D83-B9BD-3A02A2F813D1}.DebugLocal|Any CPU.Build.0 = Debug|Any CPU
		{F61E08B2-AEDC-4D83-B9BD-3A02A2F813D1}.Release|Any CPU.ActiveCfg = Release|Any CPU
		{F61E08B2-AEDC-4D83-B9BD-3A02A2F813D1}.Release|Any CPU.Build.0 = Release|Any CPU
		{BA0AE25E-2CB7-4334-BBFD-71F636FB59BF}.Debug|Any CPU.ActiveCfg = Debug|Any CPU
		{BA0AE25E-2CB7-4334-BBFD-71F636FB59BF}.Debug|Any CPU.Build.0 = Debug|Any CPU
		{BA0AE25E-2CB7-4334-BBFD-71F636FB59BF}.DebugLocal|Any CPU.ActiveCfg = Debug|Any CPU
		{BA0AE25E-2CB7-4334-BBFD-71F636FB59BF}.DebugLocal|Any CPU.Build.0 = Debug|Any CPU
		{BA0AE25E-2CB7-4334-BBFD-71F636FB59BF}.Release|Any CPU.ActiveCfg = Release|Any CPU
		{BA0AE25E-2CB7-4334-BBFD-71F636FB59BF}.Release|Any CPU.Build.0 = Release|Any CPU
		{1A7C6FE1-3B25-46AA-9FFB-DFD182571FE7}.Debug|Any CPU.ActiveCfg = Debug|Any CPU
		{1A7C6FE1-3B25-46AA-9FFB-DFD182571FE7}.Debug|Any CPU.Build.0 = Debug|Any CPU
		{1A7C6FE1-3B25-46AA-9FFB-DFD182571FE7}.DebugLocal|Any CPU.ActiveCfg = Debug|Any CPU
		{1A7C6FE1-3B25-46AA-9FFB-DFD182571FE7}.DebugLocal|Any CPU.Build.0 = Debug|Any CPU
		{1A7C6FE1-3B25-46AA-9FFB-DFD182571FE7}.Release|Any CPU.ActiveCfg = Release|Any CPU
		{1A7C6FE1-3B25-46AA-9FFB-DFD182571FE7}.Release|Any CPU.Build.0 = Release|Any CPU
		{357BF2A7-11FF-420A-8F80-C38C19983BAE}.Debug|Any CPU.ActiveCfg = Debug|Any CPU
		{357BF2A7-11FF-420A-8F80-C38C19983BAE}.Debug|Any CPU.Build.0 = Debug|Any CPU
		{357BF2A7-11FF-420A-8F80-C38C19983BAE}.DebugLocal|Any CPU.ActiveCfg = Debug|Any CPU
		{357BF2A7-11FF-420A-8F80-C38C19983BAE}.DebugLocal|Any CPU.Build.0 = Debug|Any CPU
		{357BF2A7-11FF-420A-8F80-C38C19983BAE}.Release|Any CPU.ActiveCfg = Release|Any CPU
		{357BF2A7-11FF-420A-8F80-C38C19983BAE}.Release|Any CPU.Build.0 = Release|Any CPU
		{C613048A-597C-446F-91C4-81B3923610CA}.Debug|Any CPU.ActiveCfg = Debug|Any CPU
		{C613048A-597C-446F-91C4-81B3923610CA}.Debug|Any CPU.Build.0 = Debug|Any CPU
		{C613048A-597C-446F-91C4-81B3923610CA}.DebugLocal|Any CPU.ActiveCfg = Debug|Any CPU
		{C613048A-597C-446F-91C4-81B3923610CA}.DebugLocal|Any CPU.Build.0 = Debug|Any CPU
		{C613048A-597C-446F-91C4-81B3923610CA}.Release|Any CPU.ActiveCfg = Release|Any CPU
		{C613048A-597C-446F-91C4-81B3923610CA}.Release|Any CPU.Build.0 = Release|Any CPU
		{E438DF26-A10C-444D-AA9B-4BEF34943385}.Debug|Any CPU.ActiveCfg = Debug|Any CPU
		{E438DF26-A10C-444D-AA9B-4BEF34943385}.Debug|Any CPU.Build.0 = Debug|Any CPU
		{E438DF26-A10C-444D-AA9B-4BEF34943385}.DebugLocal|Any CPU.ActiveCfg = Debug|Any CPU
		{E438DF26-A10C-444D-AA9B-4BEF34943385}.DebugLocal|Any CPU.Build.0 = Debug|Any CPU
		{E438DF26-A10C-444D-AA9B-4BEF34943385}.Release|Any CPU.ActiveCfg = Release|Any CPU
		{E438DF26-A10C-444D-AA9B-4BEF34943385}.Release|Any CPU.Build.0 = Release|Any CPU
		{6E8E9616-C3D9-461A-AD0B-684C818F2BF7}.Debug|Any CPU.ActiveCfg = Debug|Any CPU
		{6E8E9616-C3D9-461A-AD0B-684C818F2BF7}.Debug|Any CPU.Build.0 = Debug|Any CPU
		{6E8E9616-C3D9-461A-AD0B-684C818F2BF7}.DebugLocal|Any CPU.ActiveCfg = Debug|Any CPU
		{6E8E9616-C3D9-461A-AD0B-684C818F2BF7}.DebugLocal|Any CPU.Build.0 = Debug|Any CPU
		{6E8E9616-C3D9-461A-AD0B-684C818F2BF7}.Release|Any CPU.ActiveCfg = Release|Any CPU
		{6E8E9616-C3D9-461A-AD0B-684C818F2BF7}.Release|Any CPU.Build.0 = Release|Any CPU
		{2404EB83-2408-4730-8FBB-5BB20B84A9AB}.Debug|Any CPU.ActiveCfg = Debug|Any CPU
		{2404EB83-2408-4730-8FBB-5BB20B84A9AB}.Debug|Any CPU.Build.0 = Debug|Any CPU
		{2404EB83-2408-4730-8FBB-5BB20B84A9AB}.DebugLocal|Any CPU.ActiveCfg = Debug|Any CPU
		{2404EB83-2408-4730-8FBB-5BB20B84A9AB}.DebugLocal|Any CPU.Build.0 = Debug|Any CPU
		{2404EB83-2408-4730-8FBB-5BB20B84A9AB}.Release|Any CPU.ActiveCfg = Release|Any CPU
		{2404EB83-2408-4730-8FBB-5BB20B84A9AB}.Release|Any CPU.Build.0 = Release|Any CPU
		{0548E8A9-2A13-4FF3-929C-4F06DA14A875}.Debug|Any CPU.ActiveCfg = Debug|Any CPU
		{0548E8A9-2A13-4FF3-929C-4F06DA14A875}.Debug|Any CPU.Build.0 = Debug|Any CPU
		{0548E8A9-2A13-4FF3-929C-4F06DA14A875}.DebugLocal|Any CPU.ActiveCfg = Debug|Any CPU
		{0548E8A9-2A13-4FF3-929C-4F06DA14A875}.DebugLocal|Any CPU.Build.0 = Debug|Any CPU
		{0548E8A9-2A13-4FF3-929C-4F06DA14A875}.Release|Any CPU.ActiveCfg = Release|Any CPU
		{0548E8A9-2A13-4FF3-929C-4F06DA14A875}.Release|Any CPU.Build.0 = Release|Any CPU
		{B4421AB3-077A-4AA9-A731-B6DAE5875528}.Debug|Any CPU.ActiveCfg = Debug|Any CPU
		{B4421AB3-077A-4AA9-A731-B6DAE5875528}.Debug|Any CPU.Build.0 = Debug|Any CPU
		{B4421AB3-077A-4AA9-A731-B6DAE5875528}.DebugLocal|Any CPU.ActiveCfg = Debug|Any CPU
		{B4421AB3-077A-4AA9-A731-B6DAE5875528}.DebugLocal|Any CPU.Build.0 = Debug|Any CPU
		{B4421AB3-077A-4AA9-A731-B6DAE5875528}.Release|Any CPU.ActiveCfg = Release|Any CPU
		{B4421AB3-077A-4AA9-A731-B6DAE5875528}.Release|Any CPU.Build.0 = Release|Any CPU
		{950F76C4-E19D-4FB6-8671-D7CFA1E0A703}.Debug|Any CPU.ActiveCfg = Debug|Any CPU
		{950F76C4-E19D-4FB6-8671-D7CFA1E0A703}.Debug|Any CPU.Build.0 = Debug|Any CPU
		{950F76C4-E19D-4FB6-8671-D7CFA1E0A703}.DebugLocal|Any CPU.ActiveCfg = Debug|Any CPU
		{950F76C4-E19D-4FB6-8671-D7CFA1E0A703}.DebugLocal|Any CPU.Build.0 = Debug|Any CPU
		{950F76C4-E19D-4FB6-8671-D7CFA1E0A703}.Release|Any CPU.ActiveCfg = Release|Any CPU
		{950F76C4-E19D-4FB6-8671-D7CFA1E0A703}.Release|Any CPU.Build.0 = Release|Any CPU
		{E54A125F-07C5-45B8-BA02-FF8A229BD324}.Debug|Any CPU.ActiveCfg = Debug|Any CPU
		{E54A125F-07C5-45B8-BA02-FF8A229BD324}.Debug|Any CPU.Build.0 = Debug|Any CPU
		{E54A125F-07C5-45B8-BA02-FF8A229BD324}.DebugLocal|Any CPU.ActiveCfg = Debug|Any CPU
		{E54A125F-07C5-45B8-BA02-FF8A229BD324}.DebugLocal|Any CPU.Build.0 = Debug|Any CPU
		{E54A125F-07C5-45B8-BA02-FF8A229BD324}.Release|Any CPU.ActiveCfg = Release|Any CPU
		{E54A125F-07C5-45B8-BA02-FF8A229BD324}.Release|Any CPU.Build.0 = Release|Any CPU
		{0D72296E-6411-4645-ADCA-324652BE0BDE}.Debug|Any CPU.ActiveCfg = Debug|Any CPU
		{0D72296E-6411-4645-ADCA-324652BE0BDE}.Debug|Any CPU.Build.0 = Debug|Any CPU
		{0D72296E-6411-4645-ADCA-324652BE0BDE}.DebugLocal|Any CPU.ActiveCfg = Debug|Any CPU
		{0D72296E-6411-4645-ADCA-324652BE0BDE}.DebugLocal|Any CPU.Build.0 = Debug|Any CPU
		{0D72296E-6411-4645-ADCA-324652BE0BDE}.Release|Any CPU.ActiveCfg = Release|Any CPU
		{0D72296E-6411-4645-ADCA-324652BE0BDE}.Release|Any CPU.Build.0 = Release|Any CPU
		{EF273CB7-A931-4F10-89DA-FC3459A80C84}.Debug|Any CPU.ActiveCfg = Debug|Any CPU
		{EF273CB7-A931-4F10-89DA-FC3459A80C84}.Debug|Any CPU.Build.0 = Debug|Any CPU
		{EF273CB7-A931-4F10-89DA-FC3459A80C84}.DebugLocal|Any CPU.ActiveCfg = Debug|Any CPU
		{EF273CB7-A931-4F10-89DA-FC3459A80C84}.DebugLocal|Any CPU.Build.0 = Debug|Any CPU
		{EF273CB7-A931-4F10-89DA-FC3459A80C84}.Release|Any CPU.ActiveCfg = Release|Any CPU
		{EF273CB7-A931-4F10-89DA-FC3459A80C84}.Release|Any CPU.Build.0 = Release|Any CPU
		{586A83F5-9D4A-4203-BC12-F3B391AD58DF}.Debug|Any CPU.ActiveCfg = Debug|Any CPU
		{586A83F5-9D4A-4203-BC12-F3B391AD58DF}.Debug|Any CPU.Build.0 = Debug|Any CPU
		{586A83F5-9D4A-4203-BC12-F3B391AD58DF}.DebugLocal|Any CPU.ActiveCfg = Debug|Any CPU
		{586A83F5-9D4A-4203-BC12-F3B391AD58DF}.DebugLocal|Any CPU.Build.0 = Debug|Any CPU
		{586A83F5-9D4A-4203-BC12-F3B391AD58DF}.Release|Any CPU.ActiveCfg = Release|Any CPU
		{586A83F5-9D4A-4203-BC12-F3B391AD58DF}.Release|Any CPU.Build.0 = Release|Any CPU
		{2B4AB50B-771A-488E-B7B1-7E0D0D11F7B9}.Debug|Any CPU.ActiveCfg = Debug|Any CPU
		{2B4AB50B-771A-488E-B7B1-7E0D0D11F7B9}.Debug|Any CPU.Build.0 = Debug|Any CPU
		{2B4AB50B-771A-488E-B7B1-7E0D0D11F7B9}.DebugLocal|Any CPU.ActiveCfg = Debug|Any CPU
		{2B4AB50B-771A-488E-B7B1-7E0D0D11F7B9}.DebugLocal|Any CPU.Build.0 = Debug|Any CPU
		{2B4AB50B-771A-488E-B7B1-7E0D0D11F7B9}.Release|Any CPU.ActiveCfg = Release|Any CPU
		{2B4AB50B-771A-488E-B7B1-7E0D0D11F7B9}.Release|Any CPU.Build.0 = Release|Any CPU
		{DC951C5A-1B2E-4E76-9323-FED24684E67A}.Debug|Any CPU.ActiveCfg = Debug|Any CPU
		{DC951C5A-1B2E-4E76-9323-FED24684E67A}.Debug|Any CPU.Build.0 = Debug|Any CPU
		{DC951C5A-1B2E-4E76-9323-FED24684E67A}.DebugLocal|Any CPU.ActiveCfg = Debug|Any CPU
		{DC951C5A-1B2E-4E76-9323-FED24684E67A}.DebugLocal|Any CPU.Build.0 = Debug|Any CPU
		{DC951C5A-1B2E-4E76-9323-FED24684E67A}.Release|Any CPU.ActiveCfg = Release|Any CPU
		{DC951C5A-1B2E-4E76-9323-FED24684E67A}.Release|Any CPU.Build.0 = Release|Any CPU
		{E3AC7A4A-6849-4658-93E5-DA0AAFD2E219}.Debug|Any CPU.ActiveCfg = Debug|Any CPU
		{E3AC7A4A-6849-4658-93E5-DA0AAFD2E219}.Debug|Any CPU.Build.0 = Debug|Any CPU
		{E3AC7A4A-6849-4658-93E5-DA0AAFD2E219}.DebugLocal|Any CPU.ActiveCfg = Debug|Any CPU
		{E3AC7A4A-6849-4658-93E5-DA0AAFD2E219}.DebugLocal|Any CPU.Build.0 = Debug|Any CPU
		{E3AC7A4A-6849-4658-93E5-DA0AAFD2E219}.Release|Any CPU.ActiveCfg = Release|Any CPU
		{E3AC7A4A-6849-4658-93E5-DA0AAFD2E219}.Release|Any CPU.Build.0 = Release|Any CPU
		{0397DC87-A570-4287-9B6B-A5B4EEA4AF48}.Debug|Any CPU.ActiveCfg = Debug|Any CPU
		{0397DC87-A570-4287-9B6B-A5B4EEA4AF48}.Debug|Any CPU.Build.0 = Debug|Any CPU
		{0397DC87-A570-4287-9B6B-A5B4EEA4AF48}.DebugLocal|Any CPU.ActiveCfg = Debug|Any CPU
		{0397DC87-A570-4287-9B6B-A5B4EEA4AF48}.DebugLocal|Any CPU.Build.0 = Debug|Any CPU
		{0397DC87-A570-4287-9B6B-A5B4EEA4AF48}.Release|Any CPU.ActiveCfg = Release|Any CPU
		{0397DC87-A570-4287-9B6B-A5B4EEA4AF48}.Release|Any CPU.Build.0 = Release|Any CPU
		{0BDB472D-686A-435C-8EA2-0986EDAD5FE3}.Debug|Any CPU.ActiveCfg = Debug|Any CPU
		{0BDB472D-686A-435C-8EA2-0986EDAD5FE3}.Debug|Any CPU.Build.0 = Debug|Any CPU
		{0BDB472D-686A-435C-8EA2-0986EDAD5FE3}.DebugLocal|Any CPU.ActiveCfg = Debug|Any CPU
		{0BDB472D-686A-435C-8EA2-0986EDAD5FE3}.DebugLocal|Any CPU.Build.0 = Debug|Any CPU
		{0BDB472D-686A-435C-8EA2-0986EDAD5FE3}.Release|Any CPU.ActiveCfg = Release|Any CPU
		{0BDB472D-686A-435C-8EA2-0986EDAD5FE3}.Release|Any CPU.Build.0 = Release|Any CPU
		{104ACDD8-6678-4640-8C81-B0F1B621C223}.Debug|Any CPU.ActiveCfg = Debug|Any CPU
		{104ACDD8-6678-4640-8C81-B0F1B621C223}.Debug|Any CPU.Build.0 = Debug|Any CPU
		{104ACDD8-6678-4640-8C81-B0F1B621C223}.DebugLocal|Any CPU.ActiveCfg = Debug|Any CPU
		{104ACDD8-6678-4640-8C81-B0F1B621C223}.DebugLocal|Any CPU.Build.0 = Debug|Any CPU
		{104ACDD8-6678-4640-8C81-B0F1B621C223}.Release|Any CPU.ActiveCfg = Release|Any CPU
		{104ACDD8-6678-4640-8C81-B0F1B621C223}.Release|Any CPU.Build.0 = Release|Any CPU
		{9038805C-B3CC-4E6D-95F9-0CEB78BE7721}.Debug|Any CPU.ActiveCfg = Debug
		{9038805C-B3CC-4E6D-95F9-0CEB78BE7721}.Debug|Any CPU.Build.0 = Debug
		{9038805C-B3CC-4E6D-95F9-0CEB78BE7721}.Debug|Any CPU.Deploy.0 = Debug
		{9038805C-B3CC-4E6D-95F9-0CEB78BE7721}.DebugLocal|Any CPU.ActiveCfg = DebugLocal
		{9038805C-B3CC-4E6D-95F9-0CEB78BE7721}.DebugLocal|Any CPU.Build.0 = DebugLocal
		{9038805C-B3CC-4E6D-95F9-0CEB78BE7721}.Release|Any CPU.ActiveCfg = Release
		{9038805C-B3CC-4E6D-95F9-0CEB78BE7721}.Release|Any CPU.Build.0 = Release
		{9038805C-B3CC-4E6D-95F9-0CEB78BE7721}.Release|Any CPU.Deploy.0 = Release
		{A47E950D-545A-4E3E-9A4F-CD1EB0D7E103}.Debug|Any CPU.ActiveCfg = Debug|Any CPU
		{A47E950D-545A-4E3E-9A4F-CD1EB0D7E103}.Debug|Any CPU.Build.0 = Debug|Any CPU
		{A47E950D-545A-4E3E-9A4F-CD1EB0D7E103}.DebugLocal|Any CPU.ActiveCfg = Debug|Any CPU
		{A47E950D-545A-4E3E-9A4F-CD1EB0D7E103}.DebugLocal|Any CPU.Build.0 = Debug|Any CPU
		{A47E950D-545A-4E3E-9A4F-CD1EB0D7E103}.Release|Any CPU.ActiveCfg = Release|Any CPU
		{A47E950D-545A-4E3E-9A4F-CD1EB0D7E103}.Release|Any CPU.Build.0 = Release|Any CPU
		{E813B202-F95F-408E-8DE9-1126C5A38B01}.Debug|Any CPU.ActiveCfg = Debug|Any CPU
		{E813B202-F95F-408E-8DE9-1126C5A38B01}.Debug|Any CPU.Build.0 = Debug|Any CPU
		{E813B202-F95F-408E-8DE9-1126C5A38B01}.DebugLocal|Any CPU.ActiveCfg = Debug|Any CPU
		{E813B202-F95F-408E-8DE9-1126C5A38B01}.DebugLocal|Any CPU.Build.0 = Debug|Any CPU
		{E813B202-F95F-408E-8DE9-1126C5A38B01}.Release|Any CPU.ActiveCfg = Release|Any CPU
		{E813B202-F95F-408E-8DE9-1126C5A38B01}.Release|Any CPU.Build.0 = Release|Any CPU
		{8286618E-DB34-4DFB-88EB-31D577456D7E}.Debug|Any CPU.ActiveCfg = Debug
		{8286618E-DB34-4DFB-88EB-31D577456D7E}.Debug|Any CPU.Build.0 = Debug
		{8286618E-DB34-4DFB-88EB-31D577456D7E}.Debug|Any CPU.Deploy.0 = Debug
		{8286618E-DB34-4DFB-88EB-31D577456D7E}.DebugLocal|Any CPU.ActiveCfg = DebugLocal
		{8286618E-DB34-4DFB-88EB-31D577456D7E}.DebugLocal|Any CPU.Build.0 = DebugLocal
		{8286618E-DB34-4DFB-88EB-31D577456D7E}.Release|Any CPU.ActiveCfg = Release
		{8286618E-DB34-4DFB-88EB-31D577456D7E}.Release|Any CPU.Build.0 = Release
		{8286618E-DB34-4DFB-88EB-31D577456D7E}.Release|Any CPU.Deploy.0 = Release
		{05DDD0A3-EDA5-4ECF-B385-0F4CE311CBE6}.Debug|Any CPU.ActiveCfg = Debug|Any CPU
		{05DDD0A3-EDA5-4ECF-B385-0F4CE311CBE6}.Debug|Any CPU.Build.0 = Debug|Any CPU
		{05DDD0A3-EDA5-4ECF-B385-0F4CE311CBE6}.DebugLocal|Any CPU.ActiveCfg = Debug|Any CPU
		{05DDD0A3-EDA5-4ECF-B385-0F4CE311CBE6}.DebugLocal|Any CPU.Build.0 = Debug|Any CPU
		{05DDD0A3-EDA5-4ECF-B385-0F4CE311CBE6}.Release|Any CPU.ActiveCfg = Release|Any CPU
		{05DDD0A3-EDA5-4ECF-B385-0F4CE311CBE6}.Release|Any CPU.Build.0 = Release|Any CPU
		{C270878D-AF06-46D0-94C5-FAA7D0FB3FE1}.Debug|Any CPU.ActiveCfg = Debug|Any CPU
		{C270878D-AF06-46D0-94C5-FAA7D0FB3FE1}.Debug|Any CPU.Build.0 = Debug|Any CPU
		{C270878D-AF06-46D0-94C5-FAA7D0FB3FE1}.DebugLocal|Any CPU.ActiveCfg = Debug|Any CPU
		{C270878D-AF06-46D0-94C5-FAA7D0FB3FE1}.DebugLocal|Any CPU.Build.0 = Debug|Any CPU
		{C270878D-AF06-46D0-94C5-FAA7D0FB3FE1}.Release|Any CPU.ActiveCfg = Release|Any CPU
		{C270878D-AF06-46D0-94C5-FAA7D0FB3FE1}.Release|Any CPU.Build.0 = Release|Any CPU
		{BF90D0DC-197B-402B-8FF0-336A5BDA6AF0}.Debug|Any CPU.ActiveCfg = Debug|Any CPU
		{BF90D0DC-197B-402B-8FF0-336A5BDA6AF0}.Debug|Any CPU.Build.0 = Debug|Any CPU
		{BF90D0DC-197B-402B-8FF0-336A5BDA6AF0}.DebugLocal|Any CPU.ActiveCfg = Debug|Any CPU
		{BF90D0DC-197B-402B-8FF0-336A5BDA6AF0}.DebugLocal|Any CPU.Build.0 = Debug|Any CPU
		{BF90D0DC-197B-402B-8FF0-336A5BDA6AF0}.Release|Any CPU.ActiveCfg = Release|Any CPU
		{BF90D0DC-197B-402B-8FF0-336A5BDA6AF0}.Release|Any CPU.Build.0 = Release|Any CPU
		{920B6EBF-A6E8-4272-83A9-44EAC6769F0F}.Debug|Any CPU.ActiveCfg = Debug|Any CPU
		{920B6EBF-A6E8-4272-83A9-44EAC6769F0F}.Debug|Any CPU.Build.0 = Debug|Any CPU
		{920B6EBF-A6E8-4272-83A9-44EAC6769F0F}.DebugLocal|Any CPU.ActiveCfg = Debug|Any CPU
		{920B6EBF-A6E8-4272-83A9-44EAC6769F0F}.DebugLocal|Any CPU.Build.0 = Debug|Any CPU
		{920B6EBF-A6E8-4272-83A9-44EAC6769F0F}.Release|Any CPU.ActiveCfg = Release|Any CPU
		{920B6EBF-A6E8-4272-83A9-44EAC6769F0F}.Release|Any CPU.Build.0 = Release|Any CPU
		{AF7B9608-EFC2-418A-83E9-520388DE854D}.Debug|Any CPU.ActiveCfg = Debug|Any CPU
		{AF7B9608-EFC2-418A-83E9-520388DE854D}.Debug|Any CPU.Build.0 = Debug|Any CPU
		{AF7B9608-EFC2-418A-83E9-520388DE854D}.DebugLocal|Any CPU.ActiveCfg = Debug|Any CPU
		{AF7B9608-EFC2-418A-83E9-520388DE854D}.DebugLocal|Any CPU.Build.0 = Debug|Any CPU
		{AF7B9608-EFC2-418A-83E9-520388DE854D}.Release|Any CPU.ActiveCfg = Release|Any CPU
		{AF7B9608-EFC2-418A-83E9-520388DE854D}.Release|Any CPU.Build.0 = Release|Any CPU
		{CFA504B0-4933-4378-8CEC-7B81266C2C11}.Debug|Any CPU.ActiveCfg = Debug|Any CPU
		{CFA504B0-4933-4378-8CEC-7B81266C2C11}.Debug|Any CPU.Build.0 = Debug|Any CPU
		{CFA504B0-4933-4378-8CEC-7B81266C2C11}.DebugLocal|Any CPU.ActiveCfg = Debug|Any CPU
		{CFA504B0-4933-4378-8CEC-7B81266C2C11}.DebugLocal|Any CPU.Build.0 = Debug|Any CPU
		{CFA504B0-4933-4378-8CEC-7B81266C2C11}.Release|Any CPU.ActiveCfg = Release|Any CPU
		{CFA504B0-4933-4378-8CEC-7B81266C2C11}.Release|Any CPU.Build.0 = Release|Any CPU
		{AC4A547A-54CF-4718-A2B0-897F729FDAC3}.Debug|Any CPU.ActiveCfg = Debug|Any CPU
		{AC4A547A-54CF-4718-A2B0-897F729FDAC3}.Debug|Any CPU.Build.0 = Debug|Any CPU
		{AC4A547A-54CF-4718-A2B0-897F729FDAC3}.DebugLocal|Any CPU.ActiveCfg = Debug|Any CPU
		{AC4A547A-54CF-4718-A2B0-897F729FDAC3}.DebugLocal|Any CPU.Build.0 = Debug|Any CPU
		{AC4A547A-54CF-4718-A2B0-897F729FDAC3}.Release|Any CPU.ActiveCfg = Release|Any CPU
		{AC4A547A-54CF-4718-A2B0-897F729FDAC3}.Release|Any CPU.Build.0 = Release|Any CPU
		{A699CCCB-443D-4EC0-8136-395CFFCA2A97}.Debug|Any CPU.ActiveCfg = Debug|Any CPU
		{A699CCCB-443D-4EC0-8136-395CFFCA2A97}.Debug|Any CPU.Build.0 = Debug|Any CPU
		{A699CCCB-443D-4EC0-8136-395CFFCA2A97}.DebugLocal|Any CPU.ActiveCfg = Debug|Any CPU
		{A699CCCB-443D-4EC0-8136-395CFFCA2A97}.DebugLocal|Any CPU.Build.0 = Debug|Any CPU
		{A699CCCB-443D-4EC0-8136-395CFFCA2A97}.Release|Any CPU.ActiveCfg = Release|Any CPU
		{A699CCCB-443D-4EC0-8136-395CFFCA2A97}.Release|Any CPU.Build.0 = Release|Any CPU
		{5F39F1BC-F442-497A-9F8B-6291F4D09D8C}.Debug|Any CPU.ActiveCfg = Debug|Any CPU
		{5F39F1BC-F442-497A-9F8B-6291F4D09D8C}.Debug|Any CPU.Build.0 = Debug|Any CPU
		{5F39F1BC-F442-497A-9F8B-6291F4D09D8C}.DebugLocal|Any CPU.ActiveCfg = Debug|Any CPU
		{5F39F1BC-F442-497A-9F8B-6291F4D09D8C}.DebugLocal|Any CPU.Build.0 = Debug|Any CPU
		{5F39F1BC-F442-497A-9F8B-6291F4D09D8C}.Release|Any CPU.ActiveCfg = Release|Any CPU
		{5F39F1BC-F442-497A-9F8B-6291F4D09D8C}.Release|Any CPU.Build.0 = Release|Any CPU
		{79561B9A-57A5-40CA-A427-DF3F2B4B1225}.Debug|Any CPU.ActiveCfg = Debug|Any CPU
		{79561B9A-57A5-40CA-A427-DF3F2B4B1225}.Debug|Any CPU.Build.0 = Debug|Any CPU
		{79561B9A-57A5-40CA-A427-DF3F2B4B1225}.DebugLocal|Any CPU.ActiveCfg = Debug|Any CPU
		{79561B9A-57A5-40CA-A427-DF3F2B4B1225}.DebugLocal|Any CPU.Build.0 = Debug|Any CPU
		{79561B9A-57A5-40CA-A427-DF3F2B4B1225}.Release|Any CPU.ActiveCfg = Release|Any CPU
		{79561B9A-57A5-40CA-A427-DF3F2B4B1225}.Release|Any CPU.Build.0 = Release|Any CPU
		{313634BB-2F5C-4203-A890-BDB705D6C5D1}.Debug|Any CPU.ActiveCfg = Debug|Any CPU
		{313634BB-2F5C-4203-A890-BDB705D6C5D1}.Debug|Any CPU.Build.0 = Debug|Any CPU
		{313634BB-2F5C-4203-A890-BDB705D6C5D1}.DebugLocal|Any CPU.ActiveCfg = Debug|Any CPU
		{313634BB-2F5C-4203-A890-BDB705D6C5D1}.DebugLocal|Any CPU.Build.0 = Debug|Any CPU
		{313634BB-2F5C-4203-A890-BDB705D6C5D1}.Release|Any CPU.ActiveCfg = Release|Any CPU
		{313634BB-2F5C-4203-A890-BDB705D6C5D1}.Release|Any CPU.Build.0 = Release|Any CPU
		{9A5BE6E0-9D08-4E05-AD82-231118BDFA33}.Debug|Any CPU.ActiveCfg = Debug|Any CPU
		{9A5BE6E0-9D08-4E05-AD82-231118BDFA33}.Debug|Any CPU.Build.0 = Debug|Any CPU
		{9A5BE6E0-9D08-4E05-AD82-231118BDFA33}.DebugLocal|Any CPU.ActiveCfg = Debug|Any CPU
		{9A5BE6E0-9D08-4E05-AD82-231118BDFA33}.DebugLocal|Any CPU.Build.0 = Debug|Any CPU
		{9A5BE6E0-9D08-4E05-AD82-231118BDFA33}.Release|Any CPU.ActiveCfg = Release|Any CPU
		{9A5BE6E0-9D08-4E05-AD82-231118BDFA33}.Release|Any CPU.Build.0 = Release|Any CPU
		{19796873-6394-4E8C-A219-4779401B12ED}.Debug|Any CPU.ActiveCfg = Debug|Any CPU
		{19796873-6394-4E8C-A219-4779401B12ED}.Debug|Any CPU.Build.0 = Debug|Any CPU
		{19796873-6394-4E8C-A219-4779401B12ED}.DebugLocal|Any CPU.ActiveCfg = Debug|Any CPU
		{19796873-6394-4E8C-A219-4779401B12ED}.DebugLocal|Any CPU.Build.0 = Debug|Any CPU
		{19796873-6394-4E8C-A219-4779401B12ED}.Release|Any CPU.ActiveCfg = Release|Any CPU
		{19796873-6394-4E8C-A219-4779401B12ED}.Release|Any CPU.Build.0 = Release|Any CPU
		{4486BF61-C9D2-4820-83C1-EE42AC81451B}.Debug|Any CPU.ActiveCfg = Debug|Any CPU
		{4486BF61-C9D2-4820-83C1-EE42AC81451B}.Debug|Any CPU.Build.0 = Debug|Any CPU
		{4486BF61-C9D2-4820-83C1-EE42AC81451B}.DebugLocal|Any CPU.ActiveCfg = Debug|Any CPU
		{4486BF61-C9D2-4820-83C1-EE42AC81451B}.DebugLocal|Any CPU.Build.0 = Debug|Any CPU
		{4486BF61-C9D2-4820-83C1-EE42AC81451B}.Release|Any CPU.ActiveCfg = Release|Any CPU
		{4486BF61-C9D2-4820-83C1-EE42AC81451B}.Release|Any CPU.Build.0 = Release|Any CPU
		{42E6A983-DA4B-4D71-B369-B290153AAE5F}.Debug|Any CPU.ActiveCfg = Debug|Any CPU
		{42E6A983-DA4B-4D71-B369-B290153AAE5F}.Debug|Any CPU.Build.0 = Debug|Any CPU
		{42E6A983-DA4B-4D71-B369-B290153AAE5F}.DebugLocal|Any CPU.ActiveCfg = Debug|Any CPU
		{42E6A983-DA4B-4D71-B369-B290153AAE5F}.DebugLocal|Any CPU.Build.0 = Debug|Any CPU
		{42E6A983-DA4B-4D71-B369-B290153AAE5F}.Release|Any CPU.ActiveCfg = Release|Any CPU
		{42E6A983-DA4B-4D71-B369-B290153AAE5F}.Release|Any CPU.Build.0 = Release|Any CPU
		{B4C6D60A-87C3-4C9F-B468-C6AB66436BDC}.Debug|Any CPU.ActiveCfg = Debug|Any CPU
		{B4C6D60A-87C3-4C9F-B468-C6AB66436BDC}.Debug|Any CPU.Build.0 = Debug|Any CPU
		{B4C6D60A-87C3-4C9F-B468-C6AB66436BDC}.DebugLocal|Any CPU.ActiveCfg = Debug|Any CPU
		{B4C6D60A-87C3-4C9F-B468-C6AB66436BDC}.DebugLocal|Any CPU.Build.0 = Debug|Any CPU
		{B4C6D60A-87C3-4C9F-B468-C6AB66436BDC}.Release|Any CPU.ActiveCfg = Release|Any CPU
		{B4C6D60A-87C3-4C9F-B468-C6AB66436BDC}.Release|Any CPU.Build.0 = Release|Any CPU
		{CFBF373A-7DED-4D73-A515-CDA2383DDA07}.Debug|Any CPU.ActiveCfg = Debug|Any CPU
		{CFBF373A-7DED-4D73-A515-CDA2383DDA07}.Debug|Any CPU.Build.0 = Debug|Any CPU
		{CFBF373A-7DED-4D73-A515-CDA2383DDA07}.DebugLocal|Any CPU.ActiveCfg = Debug|Any CPU
		{CFBF373A-7DED-4D73-A515-CDA2383DDA07}.DebugLocal|Any CPU.Build.0 = Debug|Any CPU
		{CFBF373A-7DED-4D73-A515-CDA2383DDA07}.Release|Any CPU.ActiveCfg = Release|Any CPU
		{CFBF373A-7DED-4D73-A515-CDA2383DDA07}.Release|Any CPU.Build.0 = Release|Any CPU
		{620B508D-FFC8-468A-99C4-62E129172C5E}.Debug|Any CPU.ActiveCfg = Debug|Any CPU
		{620B508D-FFC8-468A-99C4-62E129172C5E}.Debug|Any CPU.Build.0 = Debug|Any CPU
		{620B508D-FFC8-468A-99C4-62E129172C5E}.DebugLocal|Any CPU.ActiveCfg = Debug|Any CPU
		{620B508D-FFC8-468A-99C4-62E129172C5E}.DebugLocal|Any CPU.Build.0 = Debug|Any CPU
		{620B508D-FFC8-468A-99C4-62E129172C5E}.Release|Any CPU.ActiveCfg = Release|Any CPU
		{620B508D-FFC8-468A-99C4-62E129172C5E}.Release|Any CPU.Build.0 = Release|Any CPU
		{02E2946F-256A-4A16-B9F9-BC046F06C8E5}.Debug|Any CPU.ActiveCfg = Debug|Any CPU
		{02E2946F-256A-4A16-B9F9-BC046F06C8E5}.Debug|Any CPU.Build.0 = Debug|Any CPU
		{02E2946F-256A-4A16-B9F9-BC046F06C8E5}.DebugLocal|Any CPU.ActiveCfg = Debug|Any CPU
		{02E2946F-256A-4A16-B9F9-BC046F06C8E5}.DebugLocal|Any CPU.Build.0 = Debug|Any CPU
		{02E2946F-256A-4A16-B9F9-BC046F06C8E5}.Release|Any CPU.ActiveCfg = Release|Any CPU
		{02E2946F-256A-4A16-B9F9-BC046F06C8E5}.Release|Any CPU.Build.0 = Release|Any CPU
		{1004E468-FAFB-416C-9199-5A4923DCC1CB}.Debug|Any CPU.ActiveCfg = Debug|Any CPU
		{1004E468-FAFB-416C-9199-5A4923DCC1CB}.Debug|Any CPU.Build.0 = Debug|Any CPU
		{1004E468-FAFB-416C-9199-5A4923DCC1CB}.DebugLocal|Any CPU.ActiveCfg = Debug|Any CPU
		{1004E468-FAFB-416C-9199-5A4923DCC1CB}.DebugLocal|Any CPU.Build.0 = Debug|Any CPU
		{1004E468-FAFB-416C-9199-5A4923DCC1CB}.Release|Any CPU.ActiveCfg = Release|Any CPU
		{1004E468-FAFB-416C-9199-5A4923DCC1CB}.Release|Any CPU.Build.0 = Release|Any CPU
		{3E2EB99A-1298-44E7-9906-367F50F37CDB}.Debug|Any CPU.ActiveCfg = Debug|Any CPU
		{3E2EB99A-1298-44E7-9906-367F50F37CDB}.Debug|Any CPU.Build.0 = Debug|Any CPU
		{3E2EB99A-1298-44E7-9906-367F50F37CDB}.DebugLocal|Any CPU.ActiveCfg = Debug|Any CPU
		{3E2EB99A-1298-44E7-9906-367F50F37CDB}.DebugLocal|Any CPU.Build.0 = Debug|Any CPU
		{3E2EB99A-1298-44E7-9906-367F50F37CDB}.Release|Any CPU.ActiveCfg = Release|Any CPU
		{3E2EB99A-1298-44E7-9906-367F50F37CDB}.Release|Any CPU.Build.0 = Release|Any CPU
		{3466D596-64FB-4B4C-A977-ABE2ACF24405}.Debug|Any CPU.ActiveCfg = Debug|Any CPU
		{3466D596-64FB-4B4C-A977-ABE2ACF24405}.Debug|Any CPU.Build.0 = Debug|Any CPU
		{3466D596-64FB-4B4C-A977-ABE2ACF24405}.DebugLocal|Any CPU.ActiveCfg = Debug|Any CPU
		{3466D596-64FB-4B4C-A977-ABE2ACF24405}.DebugLocal|Any CPU.Build.0 = Debug|Any CPU
		{3466D596-64FB-4B4C-A977-ABE2ACF24405}.Release|Any CPU.ActiveCfg = Release|Any CPU
		{3466D596-64FB-4B4C-A977-ABE2ACF24405}.Release|Any CPU.Build.0 = Release|Any CPU
		{EF9AA4D1-AB12-4F96-A18C-377D71D718E3}.Debug|Any CPU.ActiveCfg = Debug|Any CPU
		{EF9AA4D1-AB12-4F96-A18C-377D71D718E3}.Debug|Any CPU.Build.0 = Debug|Any CPU
		{EF9AA4D1-AB12-4F96-A18C-377D71D718E3}.DebugLocal|Any CPU.ActiveCfg = Debug|Any CPU
		{EF9AA4D1-AB12-4F96-A18C-377D71D718E3}.DebugLocal|Any CPU.Build.0 = Debug|Any CPU
		{EF9AA4D1-AB12-4F96-A18C-377D71D718E3}.Release|Any CPU.ActiveCfg = Release|Any CPU
		{EF9AA4D1-AB12-4F96-A18C-377D71D718E3}.Release|Any CPU.Build.0 = Release|Any CPU
		{309944AF-3FFB-46BD-AA2A-6A6670037A9E}.Debug|Any CPU.ActiveCfg = Debug|Any CPU
		{309944AF-3FFB-46BD-AA2A-6A6670037A9E}.Debug|Any CPU.Build.0 = Debug|Any CPU
		{309944AF-3FFB-46BD-AA2A-6A6670037A9E}.DebugLocal|Any CPU.ActiveCfg = Debug|Any CPU
		{309944AF-3FFB-46BD-AA2A-6A6670037A9E}.DebugLocal|Any CPU.Build.0 = Debug|Any CPU
		{309944AF-3FFB-46BD-AA2A-6A6670037A9E}.Release|Any CPU.ActiveCfg = Release|Any CPU
		{309944AF-3FFB-46BD-AA2A-6A6670037A9E}.Release|Any CPU.Build.0 = Release|Any CPU
		{13C54E7D-BB21-4006-B08F-7DAF68235E77}.Debug|Any CPU.ActiveCfg = Debug|Any CPU
		{13C54E7D-BB21-4006-B08F-7DAF68235E77}.Debug|Any CPU.Build.0 = Debug|Any CPU
		{13C54E7D-BB21-4006-B08F-7DAF68235E77}.DebugLocal|Any CPU.ActiveCfg = Debug|Any CPU
		{13C54E7D-BB21-4006-B08F-7DAF68235E77}.DebugLocal|Any CPU.Build.0 = Debug|Any CPU
		{13C54E7D-BB21-4006-B08F-7DAF68235E77}.Release|Any CPU.ActiveCfg = Release|Any CPU
		{13C54E7D-BB21-4006-B08F-7DAF68235E77}.Release|Any CPU.Build.0 = Release|Any CPU
		{E4043E05-7094-42DE-A9A8-A02F8B51206B}.Debug|Any CPU.ActiveCfg = Debug|Any CPU
		{E4043E05-7094-42DE-A9A8-A02F8B51206B}.Debug|Any CPU.Build.0 = Debug|Any CPU
		{E4043E05-7094-42DE-A9A8-A02F8B51206B}.DebugLocal|Any CPU.ActiveCfg = Debug|Any CPU
		{E4043E05-7094-42DE-A9A8-A02F8B51206B}.DebugLocal|Any CPU.Build.0 = Debug|Any CPU
		{E4043E05-7094-42DE-A9A8-A02F8B51206B}.Release|Any CPU.ActiveCfg = Release|Any CPU
		{E4043E05-7094-42DE-A9A8-A02F8B51206B}.Release|Any CPU.Build.0 = Release|Any CPU
		{181AC944-BDE1-4F73-8E74-F9223BEAE769}.Debug|Any CPU.ActiveCfg = Debug|Any CPU
		{181AC944-BDE1-4F73-8E74-F9223BEAE769}.Debug|Any CPU.Build.0 = Debug|Any CPU
		{181AC944-BDE1-4F73-8E74-F9223BEAE769}.DebugLocal|Any CPU.ActiveCfg = Debug|Any CPU
		{181AC944-BDE1-4F73-8E74-F9223BEAE769}.DebugLocal|Any CPU.Build.0 = Debug|Any CPU
		{181AC944-BDE1-4F73-8E74-F9223BEAE769}.Release|Any CPU.ActiveCfg = Release|Any CPU
		{181AC944-BDE1-4F73-8E74-F9223BEAE769}.Release|Any CPU.Build.0 = Release|Any CPU
		{91EF71F6-FE5A-477A-ACA0-0BCAE81B485F}.Debug|Any CPU.ActiveCfg = Debug|Any CPU
		{91EF71F6-FE5A-477A-ACA0-0BCAE81B485F}.Debug|Any CPU.Build.0 = Debug|Any CPU
		{91EF71F6-FE5A-477A-ACA0-0BCAE81B485F}.DebugLocal|Any CPU.ActiveCfg = Debug|Any CPU
		{91EF71F6-FE5A-477A-ACA0-0BCAE81B485F}.DebugLocal|Any CPU.Build.0 = Debug|Any CPU
		{91EF71F6-FE5A-477A-ACA0-0BCAE81B485F}.Release|Any CPU.ActiveCfg = Release|Any CPU
		{91EF71F6-FE5A-477A-ACA0-0BCAE81B485F}.Release|Any CPU.Build.0 = Release|Any CPU
		{1ADFA2AC-1807-489F-BD2B-35D8AAFD1060}.Debug|Any CPU.ActiveCfg = Debug|Any CPU
		{1ADFA2AC-1807-489F-BD2B-35D8AAFD1060}.Debug|Any CPU.Build.0 = Debug|Any CPU
		{1ADFA2AC-1807-489F-BD2B-35D8AAFD1060}.DebugLocal|Any CPU.ActiveCfg = Debug|Any CPU
		{1ADFA2AC-1807-489F-BD2B-35D8AAFD1060}.DebugLocal|Any CPU.Build.0 = Debug|Any CPU
		{1ADFA2AC-1807-489F-BD2B-35D8AAFD1060}.Release|Any CPU.ActiveCfg = Release|Any CPU
		{1ADFA2AC-1807-489F-BD2B-35D8AAFD1060}.Release|Any CPU.Build.0 = Release|Any CPU
		{FC7FB250-92CC-4A4C-B71D-AC9E48BFE312}.Debug|Any CPU.ActiveCfg = Debug|Any CPU
		{FC7FB250-92CC-4A4C-B71D-AC9E48BFE312}.Debug|Any CPU.Build.0 = Debug|Any CPU
		{FC7FB250-92CC-4A4C-B71D-AC9E48BFE312}.DebugLocal|Any CPU.ActiveCfg = Debug|Any CPU
		{FC7FB250-92CC-4A4C-B71D-AC9E48BFE312}.DebugLocal|Any CPU.Build.0 = Debug|Any CPU
		{FC7FB250-92CC-4A4C-B71D-AC9E48BFE312}.Release|Any CPU.ActiveCfg = Release|Any CPU
		{FC7FB250-92CC-4A4C-B71D-AC9E48BFE312}.Release|Any CPU.Build.0 = Release|Any CPU
		{284027C4-70B2-4EF2-96A8-DAAA366F1FEA}.Debug|Any CPU.ActiveCfg = Debug|Any CPU
		{284027C4-70B2-4EF2-96A8-DAAA366F1FEA}.Debug|Any CPU.Build.0 = Debug|Any CPU
		{284027C4-70B2-4EF2-96A8-DAAA366F1FEA}.DebugLocal|Any CPU.ActiveCfg = Debug|Any CPU
		{284027C4-70B2-4EF2-96A8-DAAA366F1FEA}.DebugLocal|Any CPU.Build.0 = Debug|Any CPU
		{284027C4-70B2-4EF2-96A8-DAAA366F1FEA}.Release|Any CPU.ActiveCfg = Release|Any CPU
		{284027C4-70B2-4EF2-96A8-DAAA366F1FEA}.Release|Any CPU.Build.0 = Release|Any CPU
		{A4499E9B-4C19-41A4-B8D0-FF233BD70E6A}.Debug|Any CPU.ActiveCfg = Debug|Any CPU
		{A4499E9B-4C19-41A4-B8D0-FF233BD70E6A}.Debug|Any CPU.Build.0 = Debug|Any CPU
		{A4499E9B-4C19-41A4-B8D0-FF233BD70E6A}.DebugLocal|Any CPU.ActiveCfg = Debug|Any CPU
		{A4499E9B-4C19-41A4-B8D0-FF233BD70E6A}.DebugLocal|Any CPU.Build.0 = Debug|Any CPU
		{A4499E9B-4C19-41A4-B8D0-FF233BD70E6A}.Release|Any CPU.ActiveCfg = Release|Any CPU
		{A4499E9B-4C19-41A4-B8D0-FF233BD70E6A}.Release|Any CPU.Build.0 = Release|Any CPU
		{D56899EB-90F3-4BD5-AEF4-A502B54AECC1}.Debug|Any CPU.ActiveCfg = Debug|Any CPU
		{D56899EB-90F3-4BD5-AEF4-A502B54AECC1}.Debug|Any CPU.Build.0 = Debug|Any CPU
		{D56899EB-90F3-4BD5-AEF4-A502B54AECC1}.DebugLocal|Any CPU.ActiveCfg = Debug|Any CPU
		{D56899EB-90F3-4BD5-AEF4-A502B54AECC1}.DebugLocal|Any CPU.Build.0 = Debug|Any CPU
		{D56899EB-90F3-4BD5-AEF4-A502B54AECC1}.Release|Any CPU.ActiveCfg = Release|Any CPU
		{D56899EB-90F3-4BD5-AEF4-A502B54AECC1}.Release|Any CPU.Build.0 = Release|Any CPU
		{7045C87F-60A9-4852-B4A2-510224D24972}.Debug|Any CPU.ActiveCfg = Debug|Any CPU
		{7045C87F-60A9-4852-B4A2-510224D24972}.Debug|Any CPU.Build.0 = Debug|Any CPU
		{7045C87F-60A9-4852-B4A2-510224D24972}.DebugLocal|Any CPU.ActiveCfg = Debug|Any CPU
		{7045C87F-60A9-4852-B4A2-510224D24972}.DebugLocal|Any CPU.Build.0 = Debug|Any CPU
		{7045C87F-60A9-4852-B4A2-510224D24972}.Release|Any CPU.ActiveCfg = Release|Any CPU
		{7045C87F-60A9-4852-B4A2-510224D24972}.Release|Any CPU.Build.0 = Release|Any CPU
		{0911E1BF-4AD1-4CAF-9A57-3FC5083B3268}.Debug|Any CPU.ActiveCfg = Debug|Any CPU
		{0911E1BF-4AD1-4CAF-9A57-3FC5083B3268}.Debug|Any CPU.Build.0 = Debug|Any CPU
		{0911E1BF-4AD1-4CAF-9A57-3FC5083B3268}.DebugLocal|Any CPU.ActiveCfg = Debug|Any CPU
		{0911E1BF-4AD1-4CAF-9A57-3FC5083B3268}.DebugLocal|Any CPU.Build.0 = Debug|Any CPU
		{0911E1BF-4AD1-4CAF-9A57-3FC5083B3268}.Release|Any CPU.ActiveCfg = Release|Any CPU
		{0911E1BF-4AD1-4CAF-9A57-3FC5083B3268}.Release|Any CPU.Build.0 = Release|Any CPU
	EndGlobalSection
	GlobalSection(SolutionProperties) = preSolution
		HideSolutionNode = FALSE
	EndGlobalSection
	GlobalSection(NestedProjects) = preSolution
		{468BD624-2DBE-4ED8-B901-6B93D0754579} = {ADEE3F94-9E4B-46DD-A437-283E0B339563}
		{97583DA4-0070-4156-9269-2FAF5B447C3F} = {02252161-F2D2-4C8D-8781-1D80691FB0D6}
		{AFAE3EBF-FFDD-4E08-B48A-C60A8C6ABDA1} = {80AF228A-9EA7-42D0-AAB8-1661D7FFB300}
		{EAE2A3F9-4A24-43E8-B1FF-3A7C2E236A4A} = {5707B24C-9783-41D2-A2BC-4ADD3FB61AC8}
		{AE7D5768-3AF5-47F4-9A54-A599817C4A02} = {02252161-F2D2-4C8D-8781-1D80691FB0D6}
		{2C902C73-540C-4374-8378-B589A59C5B24} = {000F12FC-0A81-4323-85B2-85BA366A99BF}
		{C2217EFE-7DF7-4F62-A697-4C3EE0C7C092} = {02252161-F2D2-4C8D-8781-1D80691FB0D6}
		{A570B9AE-AA09-4288-A084-B39B34A0170F} = {000F12FC-0A81-4323-85B2-85BA366A99BF}
		{184C5662-4EED-4BB6-BF1C-98FCB987D2F8} = {5707B24C-9783-41D2-A2BC-4ADD3FB61AC8}
		{F61E08B2-AEDC-4D83-B9BD-3A02A2F813D1} = {5707B24C-9783-41D2-A2BC-4ADD3FB61AC8}
		{80AF228A-9EA7-42D0-AAB8-1661D7FFB300} = {02252161-F2D2-4C8D-8781-1D80691FB0D6}
		{BA0AE25E-2CB7-4334-BBFD-71F636FB59BF} = {80AF228A-9EA7-42D0-AAB8-1661D7FFB300}
		{1A7C6FE1-3B25-46AA-9FFB-DFD182571FE7} = {80AF228A-9EA7-42D0-AAB8-1661D7FFB300}
		{5707B24C-9783-41D2-A2BC-4ADD3FB61AC8} = {02252161-F2D2-4C8D-8781-1D80691FB0D6}
		{2ABBF491-1046-40A8-91FE-7B35B7FD2DD7} = {02252161-F2D2-4C8D-8781-1D80691FB0D6}
		{357BF2A7-11FF-420A-8F80-C38C19983BAE} = {2ABBF491-1046-40A8-91FE-7B35B7FD2DD7}
		{052C91F9-4A64-4EEC-8955-6FB0BC864EC3} = {02252161-F2D2-4C8D-8781-1D80691FB0D6}
		{C613048A-597C-446F-91C4-81B3923610CA} = {000F12FC-0A81-4323-85B2-85BA366A99BF}
		{E438DF26-A10C-444D-AA9B-4BEF34943385} = {000F12FC-0A81-4323-85B2-85BA366A99BF}
		{6E8E9616-C3D9-461A-AD0B-684C818F2BF7} = {052C91F9-4A64-4EEC-8955-6FB0BC864EC3}
		{2404EB83-2408-4730-8FBB-5BB20B84A9AB} = {052C91F9-4A64-4EEC-8955-6FB0BC864EC3}
		{0548E8A9-2A13-4FF3-929C-4F06DA14A875} = {02252161-F2D2-4C8D-8781-1D80691FB0D6}
		{B4421AB3-077A-4AA9-A731-B6DAE5875528} = {02252161-F2D2-4C8D-8781-1D80691FB0D6}
		{950F76C4-E19D-4FB6-8671-D7CFA1E0A703} = {000F12FC-0A81-4323-85B2-85BA366A99BF}
		{D79DFEF0-74D3-48AE-9A2B-1CEDA9E1A373} = {02252161-F2D2-4C8D-8781-1D80691FB0D6}
		{E54A125F-07C5-45B8-BA02-FF8A229BD324} = {D79DFEF0-74D3-48AE-9A2B-1CEDA9E1A373}
		{0D72296E-6411-4645-ADCA-324652BE0BDE} = {D79DFEF0-74D3-48AE-9A2B-1CEDA9E1A373}
		{EF273CB7-A931-4F10-89DA-FC3459A80C84} = {000F12FC-0A81-4323-85B2-85BA366A99BF}
		{586A83F5-9D4A-4203-BC12-F3B391AD58DF} = {02252161-F2D2-4C8D-8781-1D80691FB0D6}
		{2B4AB50B-771A-488E-B7B1-7E0D0D11F7B9} = {000F12FC-0A81-4323-85B2-85BA366A99BF}
		{DC951C5A-1B2E-4E76-9323-FED24684E67A} = {000F12FC-0A81-4323-85B2-85BA366A99BF}
		{8810B24E-C28F-4FEB-AF6C-BA0BA6149069} = {02252161-F2D2-4C8D-8781-1D80691FB0D6}
		{E3AC7A4A-6849-4658-93E5-DA0AAFD2E219} = {8810B24E-C28F-4FEB-AF6C-BA0BA6149069}
		{6DBB064F-C901-4B38-99DD-57E1F19CFABC} = {000F12FC-0A81-4323-85B2-85BA366A99BF}
		{0397DC87-A570-4287-9B6B-A5B4EEA4AF48} = {6DBB064F-C901-4B38-99DD-57E1F19CFABC}
		{9D9A632C-3372-4DAE-8275-FC4B481A7820} = {02252161-F2D2-4C8D-8781-1D80691FB0D6}
		{0BDB472D-686A-435C-8EA2-0986EDAD5FE3} = {9D9A632C-3372-4DAE-8275-FC4B481A7820}
		{C03B7293-D245-4930-B413-3FCFF55503A2} = {9D9A632C-3372-4DAE-8275-FC4B481A7820}
		{104ACDD8-6678-4640-8C81-B0F1B621C223} = {C03B7293-D245-4930-B413-3FCFF55503A2}
		{A47E950D-545A-4E3E-9A4F-CD1EB0D7E103} = {000F12FC-0A81-4323-85B2-85BA366A99BF}
		{E813B202-F95F-408E-8DE9-1126C5A38B01} = {2ABBF491-1046-40A8-91FE-7B35B7FD2DD7}
		{05DDD0A3-EDA5-4ECF-B385-0F4CE311CBE6} = {6DBB064F-C901-4B38-99DD-57E1F19CFABC}
		{C270878D-AF06-46D0-94C5-FAA7D0FB3FE1} = {000F12FC-0A81-4323-85B2-85BA366A99BF}
		{BF90D0DC-197B-402B-8FF0-336A5BDA6AF0} = {000F12FC-0A81-4323-85B2-85BA366A99BF}
		{920B6EBF-A6E8-4272-83A9-44EAC6769F0F} = {6DBB064F-C901-4B38-99DD-57E1F19CFABC}
		{ADEE3F94-9E4B-46DD-A437-283E0B339563} = {000F12FC-0A81-4323-85B2-85BA366A99BF}
		{AF7B9608-EFC2-418A-83E9-520388DE854D} = {ADEE3F94-9E4B-46DD-A437-283E0B339563}
		{CFA504B0-4933-4378-8CEC-7B81266C2C11} = {6DBB064F-C901-4B38-99DD-57E1F19CFABC}
		{1312EFA9-0022-4F05-AB4B-313C56694A40} = {02252161-F2D2-4C8D-8781-1D80691FB0D6}
		{AC4A547A-54CF-4718-A2B0-897F729FDAC3} = {1312EFA9-0022-4F05-AB4B-313C56694A40}
		{5B958E12-A606-4B50-9B7C-45BF1CA9A7DB} = {02252161-F2D2-4C8D-8781-1D80691FB0D6}
		{A699CCCB-443D-4EC0-8136-395CFFCA2A97} = {9D9A632C-3372-4DAE-8275-FC4B481A7820}
		{5F39F1BC-F442-497A-9F8B-6291F4D09D8C} = {9D9A632C-3372-4DAE-8275-FC4B481A7820}
		{79561B9A-57A5-40CA-A427-DF3F2B4B1225} = {ADEE3F94-9E4B-46DD-A437-283E0B339563}
		{313634BB-2F5C-4203-A890-BDB705D6C5D1} = {9D9A632C-3372-4DAE-8275-FC4B481A7820}
		{9A5BE6E0-9D08-4E05-AD82-231118BDFA33} = {6DBB064F-C901-4B38-99DD-57E1F19CFABC}
		{19796873-6394-4E8C-A219-4779401B12ED} = {9D9A632C-3372-4DAE-8275-FC4B481A7820}
		{4486BF61-C9D2-4820-83C1-EE42AC81451B} = {9D9A632C-3372-4DAE-8275-FC4B481A7820}
		{42E6A983-DA4B-4D71-B369-B290153AAE5F} = {9D9A632C-3372-4DAE-8275-FC4B481A7820}
		{B4C6D60A-87C3-4C9F-B468-C6AB66436BDC} = {02252161-F2D2-4C8D-8781-1D80691FB0D6}
		{CFBF373A-7DED-4D73-A515-CDA2383DDA07} = {6DBB064F-C901-4B38-99DD-57E1F19CFABC}
		{60A27F70-08AB-4A30-869E-7D313D3760AE} = {000F12FC-0A81-4323-85B2-85BA366A99BF}
		{620B508D-FFC8-468A-99C4-62E129172C5E} = {60A27F70-08AB-4A30-869E-7D313D3760AE}
		{02E2946F-256A-4A16-B9F9-BC046F06C8E5} = {ADEE3F94-9E4B-46DD-A437-283E0B339563}
		{E2E9F0E0-0EBD-4467-A2B6-FC9D50E7EAE3} = {02252161-F2D2-4C8D-8781-1D80691FB0D6}
		{1004E468-FAFB-416C-9199-5A4923DCC1CB} = {6DBB064F-C901-4B38-99DD-57E1F19CFABC}
		{3E2EB99A-1298-44E7-9906-367F50F37CDB} = {9D9A632C-3372-4DAE-8275-FC4B481A7820}
		{3466D596-64FB-4B4C-A977-ABE2ACF24405} = {E2E9F0E0-0EBD-4467-A2B6-FC9D50E7EAE3}
		{EF9AA4D1-AB12-4F96-A18C-377D71D718E3} = {E2E9F0E0-0EBD-4467-A2B6-FC9D50E7EAE3}
		{309944AF-3FFB-46BD-AA2A-6A6670037A9E} = {E2E9F0E0-0EBD-4467-A2B6-FC9D50E7EAE3}
		{13C54E7D-BB21-4006-B08F-7DAF68235E77} = {E2E9F0E0-0EBD-4467-A2B6-FC9D50E7EAE3}
		{E4043E05-7094-42DE-A9A8-A02F8B51206B} = {ADEE3F94-9E4B-46DD-A437-283E0B339563}
		{181AC944-BDE1-4F73-8E74-F9223BEAE769} = {6DBB064F-C901-4B38-99DD-57E1F19CFABC}
		{91EF71F6-FE5A-477A-ACA0-0BCAE81B485F} = {02252161-F2D2-4C8D-8781-1D80691FB0D6}
		{1ADFA2AC-1807-489F-BD2B-35D8AAFD1060} = {E2E9F0E0-0EBD-4467-A2B6-FC9D50E7EAE3}
		{FC7FB250-92CC-4A4C-B71D-AC9E48BFE312} = {6DBB064F-C901-4B38-99DD-57E1F19CFABC}
		{284027C4-70B2-4EF2-96A8-DAAA366F1FEA} = {60A27F70-08AB-4A30-869E-7D313D3760AE}
		{A4499E9B-4C19-41A4-B8D0-FF233BD70E6A} = {02252161-F2D2-4C8D-8781-1D80691FB0D6}
		{D56899EB-90F3-4BD5-AEF4-A502B54AECC1} = {6DBB064F-C901-4B38-99DD-57E1F19CFABC}
		{7045C87F-60A9-4852-B4A2-510224D24972} = {ADEE3F94-9E4B-46DD-A437-283E0B339563}
		{0911E1BF-4AD1-4CAF-9A57-3FC5083B3268} = {000F12FC-0A81-4323-85B2-85BA366A99BF}
	EndGlobalSection
	GlobalSection(ExtensibilityGlobals) = postSolution
		SolutionGuid = {C5DA2E3A-5860-4789-9AC7-1E2A16C8320F}
	EndGlobalSection
EndGlobal
