
Microsoft Visual Studio Solution File, Format Version 12.00
# Visual Studio Version 16
VisualStudioVersion = 16.0.33027.164
MinimumVisualStudioVersion = 10.0.40219.1
Project("{FAE04EC0-301F-11D3-BF4B-00C04F79EFBC}") = "Action_PhasesLaunch_Release", "Action_PhasesLaunch_Release.csproj", "{40D02076-1306-4521-8629-D5A25F0B9D0F}"
EndProject
Global
	GlobalSection(SolutionConfigurationPlatforms) = preSolution
		Debug|Any CPU = Debug|Any CPU
		Release|Any CPU = Release|Any CPU
	EndGlobalSection
	GlobalSection(ProjectConfigurationPlatforms) = postSolution
		{40D02076-1306-4521-8629-D5A25F0B9D0F}.Debug|Any CPU.ActiveCfg = Debug|Any CPU
		{40D02076-1306-4521-8629-D5A25F0B9D0F}.Debug|Any CPU.Build.0 = Debug|Any CPU
		{40D02076-1306-4521-8629-D5A25F0B9D0F}.Release|Any CPU.ActiveCfg = Release|Any CPU
		{40D02076-1306-4521-8629-D5A25F0B9D0F}.Release|Any CPU.Build.0 = Release|Any CPU
	EndGlobalSection
	GlobalSection(SolutionProperties) = preSolution
		HideSolutionNode = FALSE
	EndGlobalSection
	GlobalSection(ExtensibilityGlobals) = postSolution
		SolutionGuid = {EC4A652A-6E1E-4BBA-A040-170FA89E15F1}
	EndGlobalSection
EndGlobal
