
Microsoft Visual Studio Solution File, Format Version 12.00
# Visual Studio Version 17
VisualStudioVersion = 17.11.35303.130
MinimumVisualStudioVersion = 10.0.40219.1
Project("{FAE04EC0-301F-11D3-BF4B-00C04F79EFBC}") = "Plugin_UpdateLandValueUnits_Create_Update", "Plugin_UpdateLandValueUnits_Create_Update\Plugin_UpdateLandValueUnits_Create_Update.csproj", "{F519340C-279D-4B42-83B4-A80B956B13E9}"
EndProject
Global
	GlobalSection(SolutionConfigurationPlatforms) = preSolution
		Debug|Any CPU = Debug|Any CPU
		Release|Any CPU = Release|Any CPU
	EndGlobalSection
	GlobalSection(ProjectConfigurationPlatforms) = postSolution
		{F519340C-279D-4B42-83B4-A80B956B13E9}.Debug|Any CPU.ActiveCfg = Debug|Any CPU
		{F519340C-279D-4B42-83B4-A80B956B13E9}.Debug|Any CPU.Build.0 = Debug|Any CPU
		{F519340C-279D-4B42-83B4-A80B956B13E9}.Release|Any CPU.ActiveCfg = Release|Any CPU
		{F519340C-279D-4B42-83B4-A80B956B13E9}.Release|Any CPU.Build.0 = Release|Any CPU
	EndGlobalSection
	GlobalSection(SolutionProperties) = preSolution
		HideSolutionNode = FALSE
	EndGlobalSection
	GlobalSection(ExtensibilityGlobals) = postSolution
		SolutionGuid = {82B89310-17B0-4387-BE4E-32E51F5C7FEA}
	EndGlobalSection
EndGlobal
