
Microsoft Visual Studio Solution File, Format Version 12.00
# Visual Studio Version 17
VisualStudioVersion = 17.11.35303.130
MinimumVisualStudioVersion = 10.0.40219.1
Project("{FAE04EC0-301F-11D3-BF4B-00C04F79EFBC}") = "Action_ConfirmApplyDocument_Confirm", "Action_ConfirmApplyDocument_Confirm\Action_ConfirmApplyDocument_Confirm.csproj", "{907BFE63-8662-4FB7-A950-511E4385B15A}"
EndProject
Global
	GlobalSection(SolutionConfigurationPlatforms) = preSolution
		Debug|Any CPU = Debug|Any CPU
		Release|Any CPU = Release|Any CPU
	EndGlobalSection
	GlobalSection(ProjectConfigurationPlatforms) = postSolution
		{907BFE63-8662-4FB7-A950-511E4385B15A}.Debug|Any CPU.ActiveCfg = Debug|Any CPU
		{907BFE63-8662-4FB7-A950-511E4385B15A}.Debug|Any CPU.Build.0 = Debug|Any CPU
		{907BFE63-8662-4FB7-A950-511E4385B15A}.Release|Any CPU.ActiveCfg = Release|Any CPU
		{907BFE63-8662-4FB7-A950-511E4385B15A}.Release|Any CPU.Build.0 = Release|Any CPU
	EndGlobalSection
	GlobalSection(SolutionProperties) = preSolution
		HideSolutionNode = FALSE
	EndGlobalSection
	GlobalSection(ExtensibilityGlobals) = postSolution
		SolutionGuid = {5184328D-D3A5-482A-896A-69EFDD0B2BAD}
	EndGlobalSection
EndGlobal
