
Microsoft Visual Studio Solution File, Format Version 12.00
# Visual Studio Version 16
VisualStudioVersion = 16.0.34729.46
MinimumVisualStudioVersion = 10.0.40219.1
Project("{F14B399A-7131-4C87-9E4B-1186C45EF12D}") = "Report Project PSS", "Report Project PSS\Report Project PSS.rptproj", "{5995BD66-1739-4480-A354-C8F70368197B}"
EndProject
Global
	GlobalSection(SolutionConfigurationPlatforms) = preSolution
		Debug|Default = Debug|Default
		DebugLocal|Default = DebugLocal|Default
		Release|Default = Release|Default
	EndGlobalSection
	GlobalSection(ProjectConfigurationPlatforms) = postSolution
		{5995BD66-1739-4480-A354-C8F70368197B}.Debug|Default.ActiveCfg = Debug
		{5995BD66-1739-4480-A354-C8F70368197B}.Debug|Default.Build.0 = Debug
		{5995BD66-1739-4480-A354-C8F70368197B}.Debug|Default.Deploy.0 = Debug
		{5995BD66-1739-4480-A354-C8F70368197B}.DebugLocal|Default.ActiveCfg = DebugLocal
		{5995BD66-1739-4480-A354-C8F70368197B}.DebugLocal|Default.Build.0 = DebugLocal
		{5995BD66-1739-4480-A354-C8F70368197B}.Release|Default.ActiveCfg = Release
		{5995BD66-1739-4480-A354-C8F70368197B}.Release|Default.Build.0 = Release
		{5995BD66-1739-4480-A354-C8F70368197B}.Release|Default.Deploy.0 = Release
	EndGlobalSection
	GlobalSection(SolutionProperties) = preSolution
		HideSolutionNode = FALSE
	EndGlobalSection
	GlobalSection(ExtensibilityGlobals) = postSolution
		SolutionGuid = {7CA2B6F6-CB4A-44EC-A75D-2D7C33701004}
	EndGlobalSection
EndGlobal
