
Microsoft Visual Studio Solution File, Format Version 12.00
# Visual Studio Version 17
VisualStudioVersion = 17.11.35303.130
MinimumVisualStudioVersion = 10.0.40219.1
Project("{FAE04EC0-301F-11D3-BF4B-00C04F79EFBC}") = "Action_PhasesLaunch_Recovery", "Action_PhasesLaunch_Recovery\Action_PhasesLaunch_Recovery.csproj", "{C10B41B1-66AC-45F5-8DA9-D88D9BF3B600}"
EndProject
Global
	GlobalSection(SolutionConfigurationPlatforms) = preSolution
		Debug|Any CPU = Debug|Any CPU
		Release|Any CPU = Release|Any CPU
	EndGlobalSection
	GlobalSection(ProjectConfigurationPlatforms) = postSolution
		{C10B41B1-66AC-45F5-8DA9-D88D9BF3B600}.Debug|Any CPU.ActiveCfg = Debug|Any CPU
		{C10B41B1-66AC-45F5-8DA9-D88D9BF3B600}.Debug|Any CPU.Build.0 = Debug|Any CPU
		{C10B41B1-66AC-45F5-8DA9-D88D9BF3B600}.Release|Any CPU.ActiveCfg = Release|Any CPU
		{C10B41B1-66AC-45F5-8DA9-D88D9BF3B600}.Release|Any CPU.Build.0 = Release|Any CPU
	EndGlobalSection
	GlobalSection(SolutionProperties) = preSolution
		HideSolutionNode = FALSE
	EndGlobalSection
	GlobalSection(ExtensibilityGlobals) = postSolution
		SolutionGuid = {01869E37-2B7A-4004-A20A-E9AD4A3FCD96}
	EndGlobalSection
EndGlobal
