
Microsoft Visual Studio Solution File, Format Version 12.00
# Visual Studio 15
VisualStudioVersion = 15.0.28307.1022
MinimumVisualStudioVersion = 10.0.40219.1
Project("{FAE04EC0-301F-11D3-BF4B-00C04F79EFBC}") = "Plugin_Create_Invoice_Payment", "Plugin_Create_Invoice_Payment\Plugin_Create_Invoice_Payment.csproj", "{D56899EB-90F3-4BD5-AEF4-A502B54AECC1}"
EndProject
Global
	GlobalSection(SolutionConfigurationPlatforms) = preSolution
		Debug|Any CPU = Debug|Any CPU
		Release|Any CPU = Release|Any CPU
	EndGlobalSection
	GlobalSection(ProjectConfigurationPlatforms) = postSolution
		{D56899EB-90F3-4BD5-AEF4-A502B54AECC1}.Debug|Any CPU.ActiveCfg = Debug|Any CPU
		{D56899EB-90F3-4BD5-AEF4-A502B54AECC1}.Debug|Any CPU.Build.0 = Debug|Any CPU
		{D56899EB-90F3-4BD5-AEF4-A502B54AECC1}.Release|Any CPU.ActiveCfg = Release|Any CPU
		{D56899EB-90F3-4BD5-AEF4-A502B54AECC1}.Release|Any CPU.Build.0 = Release|Any CPU
	EndGlobalSection
	GlobalSection(SolutionProperties) = preSolution
		HideSolutionNode = FALSE
	EndGlobalSection
	GlobalSection(ExtensibilityGlobals) = postSolution
		SolutionGuid = {56C79370-E785-4128-81EF-838D2C768B25}
	EndGlobalSection
EndGlobal
