Microsoft Visual Studio Solution File, Format Version 12.00
# Visual Studio Version 17
VisualStudioVersion = 17.5.2.0
MinimumVisualStudioVersion = 10.0.40219.1
Project("{FAE04EC0-301F-11D3-BF4B-00C04F79EFBC}") = "Plugin_UpdateEstimateHandoverDateDetail_Create", "Plugin_UpdateEstimateHandoverDateDetail_Create.csproj", "{06D01F20-4389-CBD7-0C72-7980D3F87C4E}"
EndProject
Global
	GlobalSection(SolutionConfigurationPlatforms) = preSolution
		Debug|Any CPU = Debug|Any CPU
		Release|Any CPU = Release|Any CPU
	EndGlobalSection
	GlobalSection(ProjectConfigurationPlatforms) = postSolution
		{06D01F20-4389-CBD7-0C72-7980D3F87C4E}.Debug|Any CPU.ActiveCfg = Debug|Any CPU
		{06D01F20-4389-CBD7-0C72-7980D3F87C4E}.Debug|Any CPU.Build.0 = Debug|Any CPU
		{06D01F20-4389-CBD7-0C72-7980D3F87C4E}.Release|Any CPU.ActiveCfg = Release|Any CPU
		{06D01F20-4389-CBD7-0C72-7980D3F87C4E}.Release|Any CPU.Build.0 = Release|Any CPU
	EndGlobalSection
	GlobalSection(SolutionProperties) = preSolution
		HideSolutionNode = FALSE
	EndGlobalSection
	GlobalSection(ExtensibilityGlobals) = postSolution
		SolutionGuid = {302A4974-44A0-4BB0-876C-E103A6F7A408}
	EndGlobalSection
EndGlobal
