
Microsoft Visual Studio Solution File, Format Version 12.00
# Visual Studio Version 16
VisualStudioVersion = 16.0.33214.272
MinimumVisualStudioVersion = 10.0.40219.1
Project("{FAE04EC0-301F-11D3-BF4B-00C04F79EFBC}") = "Action_OE_PrintContractDate_CtrNumber", "Action_OE_PrintContractDate_CtrNumber\Action_OE_PrintContractDate_CtrNumber.csproj", "{191F66D1-4EC2-454F-A149-E6977CCC5EEB}"
EndProject
Global
	GlobalSection(SolutionConfigurationPlatforms) = preSolution
		Debug|Any CPU = Debug|Any CPU
		Release|Any CPU = Release|Any CPU
	EndGlobalSection
	GlobalSection(ProjectConfigurationPlatforms) = postSolution
		{191F66D1-4EC2-454F-A149-E6977CCC5EEB}.Debug|Any CPU.ActiveCfg = Debug|Any CPU
		{191F66D1-4EC2-454F-A149-E6977CCC5EEB}.Debug|Any CPU.Build.0 = Debug|Any CPU
		{191F66D1-4EC2-454F-A149-E6977CCC5EEB}.Release|Any CPU.ActiveCfg = Release|Any CPU
		{191F66D1-4EC2-454F-A149-E6977CCC5EEB}.Release|Any CPU.Build.0 = Release|Any CPU
	EndGlobalSection
	GlobalSection(SolutionProperties) = preSolution
		HideSolutionNode = FALSE
	EndGlobalSection
	GlobalSection(ExtensibilityGlobals) = postSolution
		SolutionGuid = {43EC737F-993A-4AA5-B913-BB984106C7A8}
	EndGlobalSection
EndGlobal
