
Microsoft Visual Studio Solution File, Format Version 12.00
# Visual Studio Version 16
VisualStudioVersion = 16.0.33423.256
MinimumVisualStudioVersion = 10.0.40219.1
Project("{FAE04EC0-301F-11D3-BF4B-00C04F79EFBC}") = "Plugin_OE_NumberToText", "Plugin_OE_NumberToText\Plugin_OE_NumberToText.csproj", "{1B1848F9-A95D-406F-9481-BFA7DC6ADDCD}"
EndProject
Global
	GlobalSection(SolutionConfigurationPlatforms) = preSolution
		Debug|Any CPU = Debug|Any CPU
		Release|Any CPU = Release|Any CPU
	EndGlobalSection
	GlobalSection(ProjectConfigurationPlatforms) = postSolution
		{1B1848F9-A95D-406F-9481-BFA7DC6ADDCD}.Debug|Any CPU.ActiveCfg = Debug|Any CPU
		{1B1848F9-A95D-406F-9481-BFA7DC6ADDCD}.Debug|Any CPU.Build.0 = Debug|Any CPU
		{1B1848F9-A95D-406F-9481-BFA7DC6ADDCD}.Release|Any CPU.ActiveCfg = Release|Any CPU
		{1B1848F9-A95D-406F-9481-BFA7DC6ADDCD}.Release|Any CPU.Build.0 = Release|Any CPU
	EndGlobalSection
	GlobalSection(SolutionProperties) = preSolution
		HideSolutionNode = FALSE
	EndGlobalSection
	GlobalSection(ExtensibilityGlobals) = postSolution
		SolutionGuid = {D9F5CE9F-5000-4398-A1BE-D6A36C3A5617}
	EndGlobalSection
EndGlobal
