Microsoft Visual Studio Solution File, Format Version 12.00
# Visual Studio Version 17
VisualStudioVersion = 17.5.2.0
MinimumVisualStudioVersion = 10.0.40219.1
Project("{FAE04EC0-301F-11D3-BF4B-00C04F79EFBC}") = "Plugin_PaymentNotices_CreateQRCode", "Plugin_PaymentNotices_CreateQRCode.csproj", "{A621729D-79E2-4B32-BC2C-43F009BCA823}"
EndProject
Global
	GlobalSection(SolutionConfigurationPlatforms) = preSolution
		Debug|Any CPU = Debug|Any CPU
		Release|Any CPU = Release|Any CPU
	EndGlobalSection
	GlobalSection(ProjectConfigurationPlatforms) = postSolution
		{A621729D-79E2-4B32-BC2C-43F009BCA823}.Debug|Any CPU.ActiveCfg = Debug|Any CPU
		{A621729D-79E2-4B32-BC2C-43F009BCA823}.Debug|Any CPU.Build.0 = Debug|Any CPU
		{A621729D-79E2-4B32-BC2C-43F009BCA823}.Release|Any CPU.ActiveCfg = Release|Any CPU
		{A621729D-79E2-4B32-BC2C-43F009BCA823}.Release|Any CPU.Build.0 = Release|Any CPU
	EndGlobalSection
	GlobalSection(SolutionProperties) = preSolution
		HideSolutionNode = FALSE
	EndGlobalSection
	GlobalSection(ExtensibilityGlobals) = postSolution
		SolutionGuid = {E1A046C9-CB24-4442-8DF6-EBAFB0DB419A}
	EndGlobalSection
EndGlobal
