
Microsoft Visual Studio Solution File, Format Version 11.00
# Visual Studio 2010
Project("{FAE04EC0-301F-11D3-BF4B-00C04F79EFBC}") = "Plugin_UpdateLandValueUnits_Create_Update", "Plugin_UpdateLandValueUnits_Create_Update_1.0.0.0.csproj", "{143EA090-E334-4204-A6A2-9C6FE93CC177}"
EndProject
Global
	GlobalSection(SolutionConfigurationPlatforms) = preSolution
		Debug|Any CPU = Debug|Any CPU
		Release|Any CPU = Release|Any CPU
	EndGlobalSection
	GlobalSection(ProjectConfigurationPlatforms) = postSolution
		{143EA090-E334-4204-A6A2-9C6FE93CC177}.Debug|Any CPU.ActiveCfg = Debug|Any CPU
		{143EA090-E334-4204-A6A2-9C6FE93CC177}.Debug|Any CPU.Build.0 = Debug|Any CPU
		{143EA090-E334-4204-A6A2-9C6FE93CC177}.Release|Any CPU.ActiveCfg = Release|Any CPU
		{143EA090-E334-4204-A6A2-9C6FE93CC177}.Release|Any CPU.Build.0 = Release|Any CPU
	EndGlobalSection
	GlobalSection(SolutionProperties) = preSolution
		HideSolutionNode = FALSE
	EndGlobalSection
EndGlobal
