Microsoft Visual Studio Solution File, Format Version 12.00
# Visual Studio Version 17
VisualStudioVersion = 17.5.2.0
MinimumVisualStudioVersion = 10.0.40219.1
Project("{FAE04EC0-301F-11D3-BF4B-00C04F79EFBC}") = "Action_InsertQrcodeInPDF", "Action_InsertQrcodeInPDF.csproj", "{A201881F-B422-4D60-8AEC-4AFE75FFC7E5}"
EndProject
Global
	GlobalSection(SolutionConfigurationPlatforms) = preSolution
		Debug|Any CPU = Debug|Any CPU
		Release|Any CPU = Release|Any CPU
	EndGlobalSection
	GlobalSection(ProjectConfigurationPlatforms) = postSolution
		{A201881F-B422-4D60-8AEC-4AFE75FFC7E5}.Debug|Any CPU.ActiveCfg = Debug|Any CPU
		{A201881F-B422-4D60-8AEC-4AFE75FFC7E5}.Debug|Any CPU.Build.0 = Debug|Any CPU
		{A201881F-B422-4D60-8AEC-4AFE75FFC7E5}.Release|Any CPU.ActiveCfg = Release|Any CPU
		{A201881F-B422-4D60-8AEC-4AFE75FFC7E5}.Release|Any CPU.Build.0 = Release|Any CPU
	EndGlobalSection
	GlobalSection(SolutionProperties) = preSolution
		HideSolutionNode = FALSE
	EndGlobalSection
	GlobalSection(ExtensibilityGlobals) = postSolution
		SolutionGuid = {0DF5D71E-C9E3-4C9C-901B-AE3D3AD04BCB}
	EndGlobalSection
EndGlobal
