
Microsoft Visual Studio Solution File, Format Version 12.00
# Visual Studio Version 17
VisualStudioVersion = 17.11.35303.130
MinimumVisualStudioVersion = 10.0.40219.1
Project("{FAE04EC0-301F-11D3-BF4B-00C04F79EFBC}") = "Plugin_ApplyDocument_Create_Update", "Plugin_ApplyDocument_Create_Update\Plugin_ApplyDocument_Create_Update.csproj", "{3AE4F0AF-EF20-451A-BB96-728D65C63AFB}"
EndProject
Global
	GlobalSection(SolutionConfigurationPlatforms) = preSolution
		Debug|Any CPU = Debug|Any CPU
		Release|Any CPU = Release|Any CPU
	EndGlobalSection
	GlobalSection(ProjectConfigurationPlatforms) = postSolution
		{3AE4F0AF-EF20-451A-BB96-728D65C63AFB}.Debug|Any CPU.ActiveCfg = Debug|Any CPU
		{3AE4F0AF-EF20-451A-BB96-728D65C63AFB}.Debug|Any CPU.Build.0 = Debug|Any CPU
		{3AE4F0AF-EF20-451A-BB96-728D65C63AFB}.Release|Any CPU.ActiveCfg = Release|Any CPU
		{3AE4F0AF-EF20-451A-BB96-728D65C63AFB}.Release|Any CPU.Build.0 = Release|Any CPU
	EndGlobalSection
	GlobalSection(SolutionProperties) = preSolution
		HideSolutionNode = FALSE
	EndGlobalSection
	GlobalSection(ExtensibilityGlobals) = postSolution
		SolutionGuid = {6960E2A7-9129-46C0-BF33-7BF5F268E495}
	EndGlobalSection
EndGlobal
