
Microsoft Visual Studio Solution File, Format Version 12.00
# Visual Studio Version 16
VisualStudioVersion = 16.0.33214.272
MinimumVisualStudioVersion = 10.0.40219.1
Project("{FAE04EC0-301F-11D3-BF4B-00C04F79EFBC}") = "Action_UpdatePriceList_Approve", "Action_UpdatePriceList_Approve\Action_UpdatePriceList_Approve.csproj", "{4CBCCD46-5103-43F3-987E-DC04E80EFC20}"
EndProject
Global
	GlobalSection(SolutionConfigurationPlatforms) = preSolution
		Debug|Any CPU = Debug|Any CPU
		Release|Any CPU = Release|Any CPU
	EndGlobalSection
	GlobalSection(ProjectConfigurationPlatforms) = postSolution
		{4CBCCD46-5103-43F3-987E-DC04E80EFC20}.Debug|Any CPU.ActiveCfg = Debug|Any CPU
		{4CBCCD46-5103-43F3-987E-DC04E80EFC20}.Debug|Any CPU.Build.0 = Debug|Any CPU
		{4CBCCD46-5103-43F3-987E-DC04E80EFC20}.Release|Any CPU.ActiveCfg = Release|Any CPU
		{4CBCCD46-5103-43F3-987E-DC04E80EFC20}.Release|Any CPU.Build.0 = Release|Any CPU
	EndGlobalSection
	GlobalSection(SolutionProperties) = preSolution
		HideSolutionNode = FALSE
	EndGlobalSection
	GlobalSection(ExtensibilityGlobals) = postSolution
		SolutionGuid = {C5054E29-A1D2-4B31-9488-59669887899D}
	EndGlobalSection
EndGlobal
