
Microsoft Visual Studio Solution File, Format Version 12.00
# Visual Studio Version 16
VisualStudioVersion = 16.0.33214.272
MinimumVisualStudioVersion = 10.0.40219.1
Project("{FAE04EC0-301F-11D3-BF4B-00C04F79EFBC}") = "Plugin_Subsale_Loyalty", "Plugin_Subsale_Loyalty\Plugin_Subsale_Loyalty.csproj", "{80BAAE4A-0638-4997-8ADE-DF4E2458E037}"
EndProject
Global
	GlobalSection(SolutionConfigurationPlatforms) = preSolution
		Debug|Any CPU = Debug|Any CPU
		Release|Any CPU = Release|Any CPU
	EndGlobalSection
	GlobalSection(ProjectConfigurationPlatforms) = postSolution
		{80BAAE4A-0638-4997-8ADE-DF4E2458E037}.Debug|Any CPU.ActiveCfg = Debug|Any CPU
		{80BAAE4A-0638-4997-8ADE-DF4E2458E037}.Debug|Any CPU.Build.0 = Debug|Any CPU
		{80BAAE4A-0638-4997-8ADE-DF4E2458E037}.Release|Any CPU.ActiveCfg = Release|Any CPU
		{80BAAE4A-0638-4997-8ADE-DF4E2458E037}.Release|Any CPU.Build.0 = Release|Any CPU
	EndGlobalSection
	GlobalSection(SolutionProperties) = preSolution
		HideSolutionNode = FALSE
	EndGlobalSection
	GlobalSection(ExtensibilityGlobals) = postSolution
		SolutionGuid = {691ACD65-ECB8-4DB1-ADEB-D245D80B356A}
	EndGlobalSection
EndGlobal
