
Microsoft Visual Studio Solution File, Format Version 12.00
# Visual Studio Version 17
VisualStudioVersion = 17.14.36121.58 d17.14
MinimumVisualStudioVersion = 10.0.40219.1
Project("{FAE04EC0-301F-11D3-BF4B-00C04F79EFBC}") = "Plugin_UtopSyncAccount", "Plugin_UtopSyncAccount\Plugin_UtopSyncAccount.csproj", "{61BC7348-A3DC-4134-89CC-616659511BD5}"
EndProject
Global
	GlobalSection(SolutionConfigurationPlatforms) = preSolution
		Debug|Any CPU = Debug|Any CPU
		Release|Any CPU = Release|Any CPU
	EndGlobalSection
	GlobalSection(ProjectConfigurationPlatforms) = postSolution
		{61BC7348-A3DC-4134-89CC-616659511BD5}.Debug|Any CPU.ActiveCfg = Debug|Any CPU
		{61BC7348-A3DC-4134-89CC-616659511BD5}.Debug|Any CPU.Build.0 = Debug|Any CPU
		{61BC7348-A3DC-4134-89CC-616659511BD5}.Release|Any CPU.ActiveCfg = Release|Any CPU
		{61BC7348-A3DC-4134-89CC-616659511BD5}.Release|Any CPU.Build.0 = Release|Any CPU
	EndGlobalSection
	GlobalSection(SolutionProperties) = preSolution
		HideSolutionNode = FALSE
	EndGlobalSection
	GlobalSection(ExtensibilityGlobals) = postSolution
		SolutionGuid = {A7F3BD43-D1AC-44FD-8E64-3AA18CF9FC08}
	EndGlobalSection
EndGlobal
