
Microsoft Visual Studio Solution File, Format Version 12.00
# Visual Studio Version 17
VisualStudioVersion = 17.6.33723.286
MinimumVisualStudioVersion = 10.0.40219.1
Project("{FAE04EC0-301F-11D3-BF4B-00C04F79EFBC}") = "Action_WarningNotices_GenerateWarningNotices", "Action_WarningNotices_GenerateWarningNotices.csproj", "{AC4A547A-54CF-4718-A2B0-897F729FDAC3}"
EndProject
Global
	GlobalSection(SolutionConfigurationPlatforms) = preSolution
		Debug|Any CPU = Debug|Any CPU
		Release|Any CPU = Release|Any CPU
	EndGlobalSection
	GlobalSection(ProjectConfigurationPlatforms) = postSolution
		{AC4A547A-54CF-4718-A2B0-897F729FDAC3}.Debug|Any CPU.ActiveCfg = Debug|Any CPU
		{AC4A547A-54CF-4718-A2B0-897F729FDAC3}.Debug|Any CPU.Build.0 = Debug|Any CPU
		{AC4A547A-54CF-4718-A2B0-897F729FDAC3}.Release|Any CPU.ActiveCfg = Release|Any CPU
		{AC4A547A-54CF-4718-A2B0-897F729FDAC3}.Release|Any CPU.Build.0 = Release|Any CPU
	EndGlobalSection
	GlobalSection(SolutionProperties) = preSolution
		HideSolutionNode = FALSE
	EndGlobalSection
	GlobalSection(ExtensibilityGlobals) = postSolution
		SolutionGuid = {8D30B1F3-F4D2-4B1F-B797-14A41AD59C44}
	EndGlobalSection
EndGlobal
