
Microsoft Visual Studio Solution File, Format Version 11.00
# Visual Studio 2010
Project("{FAE04EC0-301F-11D3-BF4B-00C04F79EFBC}") = "Plugin_Reservation_ReventDelete", "Plugin_Reservation_ReventDelete_1.0.0.0.csproj", "{C06EF5B2-8646-4F5F-AA79-79D7C4BD3DB5}"
EndProject
Global
	GlobalSection(SolutionConfigurationPlatforms) = preSolution
		Debug|Any CPU = Debug|Any CPU
		Release|Any CPU = Release|Any CPU
	EndGlobalSection
	GlobalSection(ProjectConfigurationPlatforms) = postSolution
		{C06EF5B2-8646-4F5F-AA79-79D7C4BD3DB5}.Debug|Any CPU.ActiveCfg = Debug|Any CPU
		{C06EF5B2-8646-4F5F-AA79-79D7C4BD3DB5}.Debug|Any CPU.Build.0 = Debug|Any CPU
		{C06EF5B2-8646-4F5F-AA79-79D7C4BD3DB5}.Release|Any CPU.ActiveCfg = Release|Any CPU
		{C06EF5B2-8646-4F5F-AA79-79D7C4BD3DB5}.Release|Any CPU.Build.0 = Release|Any CPU
	EndGlobalSection
	GlobalSection(SolutionProperties) = preSolution
		HideSolutionNode = FALSE
	EndGlobalSection
EndGlobal
