
Microsoft Visual Studio Solution File, Format Version 11.00
# Visual Studio 2010
Project("{FAE04EC0-301F-11D3-BF4B-00C04F79EFBC}") = "Plugin_UpdateLandvalueUnit_Approve", "Plugin_UpdateLandvalueUnit_Approve_1.0.0.0.csproj", "{950F76C4-E19D-4FB6-8671-D7CFA1E0A703}"
EndProject
Global
	GlobalSection(SolutionConfigurationPlatforms) = preSolution
		Debug|Any CPU = Debug|Any CPU
		Release|Any CPU = Release|Any CPU
	EndGlobalSection
	GlobalSection(ProjectConfigurationPlatforms) = postSolution
		{950F76C4-E19D-4FB6-8671-D7CFA1E0A703}.Debug|Any CPU.ActiveCfg = Debug|Any CPU
		{950F76C4-E19D-4FB6-8671-D7CFA1E0A703}.Debug|Any CPU.Build.0 = Debug|Any CPU
		{950F76C4-E19D-4FB6-8671-D7CFA1E0A703}.Release|Any CPU.ActiveCfg = Release|Any CPU
		{950F76C4-E19D-4FB6-8671-D7CFA1E0A703}.Release|Any CPU.Build.0 = Release|Any CPU
	EndGlobalSection
	GlobalSection(SolutionProperties) = preSolution
		HideSolutionNode = FALSE
	EndGlobalSection
EndGlobal
