
Microsoft Visual Studio Solution File, Format Version 12.00
# Visual Studio Version 16
VisualStudioVersion = 16.0.33214.272
MinimumVisualStudioVersion = 10.0.40219.1
Project("{FAE04EC0-301F-11D3-BF4B-00C04F79EFBC}") = "Plugin_Installment_Delete", "Plugin_Installment_Delete\Plugin_Installment_Delete.csproj", "{98476C72-D714-491C-8F6B-CAA0CD4D44A6}"
EndProject
Global
	GlobalSection(SolutionConfigurationPlatforms) = preSolution
		Debug|Any CPU = Debug|Any CPU
		Release|Any CPU = Release|Any CPU
	EndGlobalSection
	GlobalSection(ProjectConfigurationPlatforms) = postSolution
		{98476C72-D714-491C-8F6B-CAA0CD4D44A6}.Debug|Any CPU.ActiveCfg = Debug|Any CPU
		{98476C72-D714-491C-8F6B-CAA0CD4D44A6}.Debug|Any CPU.Build.0 = Debug|Any CPU
		{98476C72-D714-491C-8F6B-CAA0CD4D44A6}.Release|Any CPU.ActiveCfg = Release|Any CPU
		{98476C72-D714-491C-8F6B-CAA0CD4D44A6}.Release|Any CPU.Build.0 = Release|Any CPU
	EndGlobalSection
	GlobalSection(SolutionProperties) = preSolution
		HideSolutionNode = FALSE
	EndGlobalSection
	GlobalSection(ExtensibilityGlobals) = postSolution
		SolutionGuid = {06CE6668-ED15-4CD6-BB59-4720185FDE21}
	EndGlobalSection
EndGlobal
