
Microsoft Visual Studio Solution File, Format Version 12.00
# Visual Studio Version 17
VisualStudioVersion = 17.11.35303.130
MinimumVisualStudioVersion = 10.0.40219.1
Project("{FAE04EC0-301F-11D3-BF4B-00C04F79EFBC}") = "Plugin_UpdateFULDetail_Create_Update", "Plugin_UpdateFULDetail_Create_Update\Plugin_UpdateFULDetail_Create_Update.csproj", "{C5E4B2ED-3169-434A-844B-A2AC86E70656}"
EndProject
Global
	GlobalSection(SolutionConfigurationPlatforms) = preSolution
		Debug|Any CPU = Debug|Any CPU
		Release|Any CPU = Release|Any CPU
	EndGlobalSection
	GlobalSection(ProjectConfigurationPlatforms) = postSolution
		{C5E4B2ED-3169-434A-844B-A2AC86E70656}.Debug|Any CPU.ActiveCfg = Debug|Any CPU
		{C5E4B2ED-3169-434A-844B-A2AC86E70656}.Debug|Any CPU.Build.0 = Debug|Any CPU
		{C5E4B2ED-3169-434A-844B-A2AC86E70656}.Release|Any CPU.ActiveCfg = Release|Any CPU
		{C5E4B2ED-3169-434A-844B-A2AC86E70656}.Release|Any CPU.Build.0 = Release|Any CPU
	EndGlobalSection
	GlobalSection(SolutionProperties) = preSolution
		HideSolutionNode = FALSE
	EndGlobalSection
	GlobalSection(ExtensibilityGlobals) = postSolution
		SolutionGuid = {EB759679-7E88-4421-8059-51680625991A}
	EndGlobalSection
EndGlobal
