
Microsoft Visual Studio Solution File, Format Version 12.00
# Visual Studio Version 17
VisualStudioVersion = 17.11.35303.130
MinimumVisualStudioVersion = 10.0.40219.1
Project("{FAE04EC0-301F-11D3-BF4B-00C04F79EFBC}") = "Action_PhasesLaunch_Generate", "Action_PhasesLaunch_Generate\Action_PhasesLaunch_Generate.csproj", "{0B4EE93F-63EC-422C-AF59-9789630AF810}"
EndProject
Global
	GlobalSection(SolutionConfigurationPlatforms) = preSolution
		Debug|Any CPU = Debug|Any CPU
		Release|Any CPU = Release|Any CPU
	EndGlobalSection
	GlobalSection(ProjectConfigurationPlatforms) = postSolution
		{0B4EE93F-63EC-422C-AF59-9789630AF810}.Debug|Any CPU.ActiveCfg = Debug|Any CPU
		{0B4EE93F-63EC-422C-AF59-9789630AF810}.Debug|Any CPU.Build.0 = Debug|Any CPU
		{0B4EE93F-63EC-422C-AF59-9789630AF810}.Release|Any CPU.ActiveCfg = Release|Any CPU
		{0B4EE93F-63EC-422C-AF59-9789630AF810}.Release|Any CPU.Build.0 = Release|Any CPU
	EndGlobalSection
	GlobalSection(SolutionProperties) = preSolution
		HideSolutionNode = FALSE
	EndGlobalSection
	GlobalSection(ExtensibilityGlobals) = postSolution
		SolutionGuid = {08AAA53E-F5EE-4317-B14F-EF1070EA053E}
	EndGlobalSection
EndGlobal
